Microsoft Visual Studio Solution File, Format Version 12.00
# Visual Studio Version 16
VisualStudioVersion = 16.0.30804.86
MinimumVisualStudioVersion = 10.0.40219.1
Project("{FAE04EC0-301F-11D3-BF4B-00C04F79EFBC}") = "LoadingAndSaving", "Samples\Image\LoadingAndSaving\LoadingAndSaving.csproj", "{7EBFD9C2-68D5-48B9-B101-B5260DCAEC78}"
EndProject
Project("{FAE04EC0-301F-11D3-BF4B-00C04F79EFBC}") = "AddPDFSignature", "Samples\PDF\AddPDFSignature\AddPDFSignature.csproj", "{EFD46FA5-F48D-4B19-AA99-D9DAF4D2F795}"
EndProject
Project("{FAE04EC0-301F-11D3-BF4B-00C04F79EFBC}") = "VerifyPDFSignature", "Samples\PDF\VerifyPDFSignature\VerifyPDFSignature.csproj", "{BCB329B2-3FBA-4BDA-86A8-1F1CD4742861}"
EndProject
Project("{FAE04EC0-301F-11D3-BF4B-00C04F79EFBC}") = "PDFContentExtractText", "Samples\PDF\PDFContentExtractText\PDFContentExtractText.csproj", "{7EFBDEF8-306D-49D7-BBFB-F41995AED2F8}"
EndProject
Project("{FAE04EC0-301F-11D3-BF4B-00C04F79EFBC}") = "OCRUsingZones", "Samples\OCR\OCRUsingZones\OCRUsingZones.csproj", "{B45FCE37-4121-4ABB-A539-AB5DE53D147A}"
EndProject
Project("{FAE04EC0-301F-11D3-BF4B-00C04F79EFBC}") = "OCRToPDF", "Samples\OCR\OCRToPDF\OCRToPDF.csproj", "{1AA8677F-73E8-4FE5-9822-56273A557FB2}"
EndProject
Project("{FAE04EC0-301F-11D3-BF4B-00C04F79EFBC}") = "CreatePDFFormField", "Samples\PDF Acroform\CreatePDFFormField\CreatePDFFormField.csproj", "{60C87E1C-841D-439D-BB52-EF41B3FE8E5F}"
EndProject
Project("{FAE04EC0-301F-11D3-BF4B-00C04F79EFBC}") = "CropAndResizeRasterImage", "Samples\Image Processing\CropAndResizeRasterImage\CropAndResizeRasterImage.csproj", "{0E25B21E-2BAE-41AB-A9B7-1ABC28A9AE93}"
EndProject
Project("{FAE04EC0-301F-11D3-BF4B-00C04F79EFBC}") = "DespeckleAndDeskewRasterImage", "Samples\Image Processing\DespeckleAndDeskewRasterImage\DespeckleAndDeskewRasterImage.csproj", "{8A3D399A-126B-428D-87CE-3EFA41145764}"
EndProject
Project("{FAE04EC0-301F-11D3-BF4B-00C04F79EFBC}") = "AddImageToPDFAsAPage", "Samples\PDF and JPEG\AddImageToPDFAsAPage\AddImageToPDFAsAPage.csproj", "{A092B2E6-81A0-47F6-8C39-EE485E67F8F8}"
EndProject
Project("{FAE04EC0-301F-11D3-BF4B-00C04F79EFBC}") = "OCRToText", "Samples\OCR\OCRToText\OCRToText.csproj", "{7BCBB351-0183-4601-9EE9-824DB2A4F10E}"
EndProject
Project("{FAE04EC0-301F-11D3-BF4B-00C04F79EFBC}") = "OCRUsingDictionary", "Samples\OCR\OCRUsingDictionary\OCRUsingDictionary.csproj", "{338D3F19-DFED-4C74-91B9-F2C6179553EF}"
EndProject
Project("{FAE04EC0-301F-11D3-BF4B-00C04F79EFBC}") = "PlaceImageOnAnExistingPDFPage", "Samples\PDF and JPEG\PlaceImageOnAnExistingPDFPage\PlaceImageOnAnExistingPDFPage.csproj", "{7CDD1932-0788-4390-AF20-A53E814D39D2}"
EndProject
Project("{FAE04EC0-301F-11D3-BF4B-00C04F79EFBC}") = "MergeTwoPDFFiles", "Samples\PDF\MergeTwoPDFFiles\MergeTwoPDFFiles.csproj", "{447D957B-A8B3-49B9-A4A8-09F127CB249F}"
EndProject
Project("{FAE04EC0-301F-11D3-BF4B-00C04F79EFBC}") = "PDFFileToMultipageTIFF", "Samples\PDF\PDFFileToMultipageTIFF\PDFFileToMultipageTIFF.csproj", "{8F0467F9-A9B7-40DC-BC32-ABA4EE57BA18}"
EndProject
Project("{FAE04EC0-301F-11D3-BF4B-00C04F79EFBC}") = "CompressPDFFile", "Samples\PDF Compression\CompressPDFFile\CompressPDFFile.csproj", "{AE51EBC3-5297-489A-874C-CC156C7D586A}"
EndProject
Project("{FAE04EC0-301F-11D3-BF4B-00C04F79EFBC}") = "SetPDFSecurity", "Samples\PDF\SetPDFSecurity\SetPDFSecurity.csproj", "{CCB56584-4FA3-479C-BF46-98B5CDC336B8}"
EndProject
Project("{FAE04EC0-301F-11D3-BF4B-00C04F79EFBC}") = "ConvertRasterImageFormat", "Samples\Image Conversion\ConvertRasterImageFormat\ConvertRasterImageFormat.csproj", "{C17C62AF-6841-48C3-BEA4-2B249371C78D}"
EndProject
Project("{FAE04EC0-301F-11D3-BF4B-00C04F79EFBC}") = "MetadataGeneralAPI", "Samples\Image\MetadataGeneralAPI\MetadataGeneralAPI.csproj", "{203C0320-DD54-45E0-BC80-F5FD78178487}"
EndProject
Project("{FAE04EC0-301F-11D3-BF4B-00C04F79EFBC}") = "PDFContentAddText", "Samples\PDF\PDFContentAddText\PDFContentAddText.csproj", "{F40B1C87-0D2F-4B06-AC45-E8DBF26D4B30}"
EndProject
Project("{FAE04EC0-301F-11D3-BF4B-00C04F79EFBC}") = "MultipageTIFFtoPDFFile", "Samples\PDF\MultipageTIFFtoPDFFile\MultipageTIFFtoPDFFile.csproj", "{696D540A-B209-451A-B6A8-40FBCF6DBB37}"
EndProject
Project("{FAE04EC0-301F-11D3-BF4B-00C04F79EFBC}") = "OCRUsingLanguage", "Samples\OCR\OCRUsingLanguage\OCRUsingLanguage.csproj", "{66E80F0B-60C0-4CAC-B9DE-518DD4135BED}"
EndProject
Project("{FAE04EC0-301F-11D3-BF4B-00C04F79EFBC}") = "DeletePDFPage", "Samples\PDF\DeletePDFPage\DeletePDFPage.csproj", "{E4FD28E9-D398-4596-BFCD-F6835A3362D1}"
EndProject
Project("{FAE04EC0-301F-11D3-BF4B-00C04F79EFBC}") = "IntrinsicallyRotatePDFPage", "Samples\PDF\IntrinsicallyRotatePDFPage\IntrinsicallyRotatePDFPage.csproj", "{A9A712EB-9BE2-46ED-8CD6-890E8D84714B}"
EndProject
Project("{FAE04EC0-301F-11D3-BF4B-00C04F79EFBC}") = "SaveAllImagesOnPDFPage", "Samples\PDF\SaveAllImagesOnPDFPage\SaveAllImagesOnPDFPage.csproj", "{46F1A2F8-4FB6-4129-8C1B-FC63E934D6FD}"
EndProject
Project("{FAE04EC0-301F-11D3-BF4B-00C04F79EFBC}") = "LoadingAndSavingPDF", "Samples\PDF\LoadingAndSavingPDF\LoadingAndSavingPDF.csproj", "{BEAD4E19-5D2E-4DA0-9BC0-3E0B64E2753D}"
EndProject
Project("{2150E333-8FDC-42A3-9474-1A3956D46DE8}") = "PDF", "PDF", "{01A4DAE6-A3F5-4D41-BAEB-FDE9EBB94180}"
EndProject
Project("{2150E333-8FDC-42A3-9474-1A3956D46DE8}") = "Image", "Image", "{66C85CA6-B5A8-43A8-BD9A-DFF62604098C}"
EndProject
Project("{2150E333-8FDC-42A3-9474-1A3956D46DE8}") = "Image Conversion", "Image Conversion", "{CDB8179D-EC8A-4B77-9788-529F217E83A6}"
EndProject
Project("{2150E333-8FDC-42A3-9474-1A3956D46DE8}") = "Image Processing", "Image Processing", "{DCCDFC3D-3285-458D-B711-8B614918BE88}"
EndProject
Project("{2150E333-8FDC-42A3-9474-1A3956D46DE8}") = "OCR", "OCR", "{0A3CD00F-20C7-42FF-9DC1-01FA74FC0860}"
EndProject
Project("{2150E333-8FDC-42A3-9474-1A3956D46DE8}") = "PDF Acroform", "PDF Acroform", "{A012D70C-CFF5-4A33-88DE-6A6C9DA1CF62}"
EndProject
Project("{2150E333-8FDC-42A3-9474-1A3956D46DE8}") = "PDF and JPEG", "PDF and JPEG", "{B9B4AE17-8160-4FFB-A28F-1FCC5BB5B438}"
EndProject
Project("{2150E333-8FDC-42A3-9474-1A3956D46DE8}") = "PDF Compression", "PDF Compression", "{A03F6C7A-A233-408C-AF13-84D99EA997C2}"
EndProject
Global
	GlobalSection(SolutionConfigurationPlatforms) = preSolution
		Debug|x64 = Debug|x64
		Debug|x86 = Debug|x86
		Release|x64 = Release|x64
		Release|x86 = Release|x86
	EndGlobalSection
	GlobalSection(ProjectConfigurationPlatforms) = postSolution
		{7EBFD9C2-68D5-48B9-B101-B5260DCAEC78}.Debug|x64.ActiveCfg = Debug|x64
		{7EBFD9C2-68D5-48B9-B101-B5260DCAEC78}.Debug|x64.Build.0 = Debug|x64
		{7EBFD9C2-68D5-48B9-B101-B5260DCAEC78}.Debug|x86.ActiveCfg = Debug|x86
		{7EBFD9C2-68D5-48B9-B101-B5260DCAEC78}.Debug|x86.Build.0 = Debug|x86
		{7EBFD9C2-68D5-48B9-B101-B5260DCAEC78}.Release|x64.ActiveCfg = Release|x64
		{7EBFD9C2-68D5-48B9-B101-B5260DCAEC78}.Release|x64.Build.0 = Release|x64
		{7EBFD9C2-68D5-48B9-B101-B5260DCAEC78}.Release|x86.ActiveCfg = Release|x86
		{7EBFD9C2-68D5-48B9-B101-B5260DCAEC78}.Release|x86.Build.0 = Release|x86
		{EFD46FA5-F48D-4B19-AA99-D9DAF4D2F795}.Debug|x64.ActiveCfg = Debug|x64
		{EFD46FA5-F48D-4B19-AA99-D9DAF4D2F795}.Debug|x64.Build.0 = Debug|x64
		{EFD46FA5-F48D-4B19-AA99-D9DAF4D2F795}.Debug|x86.ActiveCfg = Debug|x86
		{EFD46FA5-F48D-4B19-AA99-D9DAF4D2F795}.Debug|x86.Build.0 = Debug|x86
		{EFD46FA5-F48D-4B19-AA99-D9DAF4D2F795}.Release|x64.ActiveCfg = Release|x64
		{EFD46FA5-F48D-4B19-AA99-D9DAF4D2F795}.Release|x64.Build.0 = Release|x64
		{EFD46FA5-F48D-4B19-AA99-D9DAF4D2F795}.Release|x86.ActiveCfg = Release|x86
		{EFD46FA5-F48D-4B19-AA99-D9DAF4D2F795}.Release|x86.Build.0 = Release|x86
		{BCB329B2-3FBA-4BDA-86A8-1F1CD4742861}.Debug|x64.ActiveCfg = Debug|x64
		{BCB329B2-3FBA-4BDA-86A8-1F1CD4742861}.Debug|x64.Build.0 = Debug|x64
		{BCB329B2-3FBA-4BDA-86A8-1F1CD4742861}.Debug|x86.ActiveCfg = Debug|x86
		{BCB329B2-3FBA-4BDA-86A8-1F1CD4742861}.Debug|x86.Build.0 = Debug|x86
		{BCB329B2-3FBA-4BDA-86A8-1F1CD4742861}.Release|x64.ActiveCfg = Release|x64
		{BCB329B2-3FBA-4BDA-86A8-1F1CD4742861}.Release|x64.Build.0 = Release|x64
		{BCB329B2-3FBA-4BDA-86A8-1F1CD4742861}.Release|x86.ActiveCfg = Release|x86
		{BCB329B2-3FBA-4BDA-86A8-1F1CD4742861}.Release|x86.Build.0 = Release|x86
		{7EFBDEF8-306D-49D7-BBFB-F41995AED2F8}.Debug|x64.ActiveCfg = Debug|x64
		{7EFBDEF8-306D-49D7-BBFB-F41995AED2F8}.Debug|x64.Build.0 = Debug|x64
		{7EFBDEF8-306D-49D7-BBFB-F41995AED2F8}.Debug|x86.ActiveCfg = Debug|x86
		{7EFBDEF8-306D-49D7-BBFB-F41995AED2F8}.Debug|x86.Build.0 = Debug|x86
		{7EFBDEF8-306D-49D7-BBFB-F41995AED2F8}.Release|x64.ActiveCfg = Release|x64
		{7EFBDEF8-306D-49D7-BBFB-F41995AED2F8}.Release|x64.Build.0 = Release|x64
		{7EFBDEF8-306D-49D7-BBFB-F41995AED2F8}.Release|x86.ActiveCfg = Release|x86
		{7EFBDEF8-306D-49D7-BBFB-F41995AED2F8}.Release|x86.Build.0 = Release|x86
		{B45FCE37-4121-4ABB-A539-AB5DE53D147A}.Debug|x64.ActiveCfg = Debug|x64
		{B45FCE37-4121-4ABB-A539-AB5DE53D147A}.Debug|x64.Build.0 = Debug|x64
		{B45FCE37-4121-4ABB-A539-AB5DE53D147A}.Debug|x86.ActiveCfg = Debug|x86
		{B45FCE37-4121-4ABB-A539-AB5DE53D147A}.Debug|x86.Build.0 = Debug|x86
		{B45FCE37-4121-4ABB-A539-AB5DE53D147A}.Release|x64.ActiveCfg = Release|x64
		{B45FCE37-4121-4ABB-A539-AB5DE53D147A}.Release|x64.Build.0 = Release|x64
		{B45FCE37-4121-4ABB-A539-AB5DE53D147A}.Release|x86.ActiveCfg = Release|x86
		{B45FCE37-4121-4ABB-A539-AB5DE53D147A}.Release|x86.Build.0 = Release|x86
		{1AA8677F-73E8-4FE5-9822-56273A557FB2}.Debug|x64.ActiveCfg = Debug|x64
		{1AA8677F-73E8-4FE5-9822-56273A557FB2}.Debug|x64.Build.0 = Debug|x64
		{1AA8677F-73E8-4FE5-9822-56273A557FB2}.Debug|x86.ActiveCfg = Debug|x86
		{1AA8677F-73E8-4FE5-9822-56273A557FB2}.Debug|x86.Build.0 = Debug|x86
		{1AA8677F-73E8-4FE5-9822-56273A557FB2}.Release|x64.ActiveCfg = Release|x64
		{1AA8677F-73E8-4FE5-9822-56273A557FB2}.Release|x64.Build.0 = Release|x64
		{1AA8677F-73E8-4FE5-9822-56273A557FB2}.Release|x86.ActiveCfg = Release|x86
		{1AA8677F-73E8-4FE5-9822-56273A557FB2}.Release|x86.Build.0 = Release|x86
		{60C87E1C-841D-439D-BB52-EF41B3FE8E5F}.Debug|x64.ActiveCfg = Debug|x64
		{60C87E1C-841D-439D-BB52-EF41B3FE8E5F}.Debug|x64.Build.0 = Debug|x64
		{60C87E1C-841D-439D-BB52-EF41B3FE8E5F}.Debug|x86.ActiveCfg = Debug|x86
		{60C87E1C-841D-439D-BB52-EF41B3FE8E5F}.Debug|x86.Build.0 = Debug|x86
		{60C87E1C-841D-439D-BB52-EF41B3FE8E5F}.Release|x64.ActiveCfg = Release|x64
		{60C87E1C-841D-439D-BB52-EF41B3FE8E5F}.Release|x64.Build.0 = Release|x64
		{60C87E1C-841D-439D-BB52-EF41B3FE8E5F}.Release|x86.ActiveCfg = Release|x86
		{60C87E1C-841D-439D-BB52-EF41B3FE8E5F}.Release|x86.Build.0 = Release|x86
		{0E25B21E-2BAE-41AB-A9B7-1ABC28A9AE93}.Debug|x64.ActiveCfg = Debug|x64
		{0E25B21E-2BAE-41AB-A9B7-1ABC28A9AE93}.Debug|x64.Build.0 = Debug|x64
		{0E25B21E-2BAE-41AB-A9B7-1ABC28A9AE93}.Debug|x86.ActiveCfg = Debug|x86
		{0E25B21E-2BAE-41AB-A9B7-1ABC28A9AE93}.Debug|x86.Build.0 = Debug|x86
		{0E25B21E-2BAE-41AB-A9B7-1ABC28A9AE93}.Release|x64.ActiveCfg = Release|x64
		{0E25B21E-2BAE-41AB-A9B7-1ABC28A9AE93}.Release|x64.Build.0 = Release|x64
		{0E25B21E-2BAE-41AB-A9B7-1ABC28A9AE93}.Release|x86.ActiveCfg = Release|x86
		{0E25B21E-2BAE-41AB-A9B7-1ABC28A9AE93}.Release|x86.Build.0 = Release|x86
		{8A3D399A-126B-428D-87CE-3EFA41145764}.Debug|x64.ActiveCfg = Debug|x64
		{8A3D399A-126B-428D-87CE-3EFA41145764}.Debug|x64.Build.0 = Debug|x64
		{8A3D399A-126B-428D-87CE-3EFA41145764}.Debug|x86.ActiveCfg = Debug|x86
		{8A3D399A-126B-428D-87CE-3EFA41145764}.Debug|x86.Build.0 = Debug|x86
		{8A3D399A-126B-428D-87CE-3EFA41145764}.Release|x64.ActiveCfg = Release|x64
		{8A3D399A-126B-428D-87CE-3EFA41145764}.Release|x64.Build.0 = Release|x64
		{8A3D399A-126B-428D-87CE-3EFA41145764}.Release|x86.ActiveCfg = Release|x86
		{8A3D399A-126B-428D-87CE-3EFA41145764}.Release|x86.Build.0 = Release|x86
		{A092B2E6-81A0-47F6-8C39-EE485E67F8F8}.Debug|x64.ActiveCfg = Debug|x64
		{A092B2E6-81A0-47F6-8C39-EE485E67F8F8}.Debug|x64.Build.0 = Debug|x64
		{A092B2E6-81A0-47F6-8C39-EE485E67F8F8}.Debug|x86.ActiveCfg = Debug|x86
		{A092B2E6-81A0-47F6-8C39-EE485E67F8F8}.Debug|x86.Build.0 = Debug|x86
		{A092B2E6-81A0-47F6-8C39-EE485E67F8F8}.Release|x64.ActiveCfg = Release|x64
		{A092B2E6-81A0-47F6-8C39-EE485E67F8F8}.Release|x64.Build.0 = Release|x64
		{A092B2E6-81A0-47F6-8C39-EE485E67F8F8}.Release|x86.ActiveCfg = Release|x86
		{A092B2E6-81A0-47F6-8C39-EE485E67F8F8}.Release|x86.Build.0 = Release|x86
		{7BCBB351-0183-4601-9EE9-824DB2A4F10E}.Debug|x64.ActiveCfg = Debug|x64
		{7BCBB351-0183-4601-9EE9-824DB2A4F10E}.Debug|x64.Build.0 = Debug|x64
		{7BCBB351-0183-4601-9EE9-824DB2A4F10E}.Debug|x86.ActiveCfg = Debug|x86
		{7BCBB351-0183-4601-9EE9-824DB2A4F10E}.Debug|x86.Build.0 = Debug|x86
		{7BCBB351-0183-4601-9EE9-824DB2A4F10E}.Release|x64.ActiveCfg = Release|x64
		{7BCBB351-0183-4601-9EE9-824DB2A4F10E}.Release|x64.Build.0 = Release|x64
		{7BCBB351-0183-4601-9EE9-824DB2A4F10E}.Release|x86.ActiveCfg = Release|x86
		{7BCBB351-0183-4601-9EE9-824DB2A4F10E}.Release|x86.Build.0 = Release|x86
		{338D3F19-DFED-4C74-91B9-F2C6179553EF}.Debug|x64.ActiveCfg = Debug|x64
		{338D3F19-DFED-4C74-91B9-F2C6179553EF}.Debug|x64.Build.0 = Debug|x64
		{338D3F19-DFED-4C74-91B9-F2C6179553EF}.Debug|x86.ActiveCfg = Debug|x86
		{338D3F19-DFED-4C74-91B9-F2C6179553EF}.Debug|x86.Build.0 = Debug|x86
		{338D3F19-DFED-4C74-91B9-F2C6179553EF}.Release|x64.ActiveCfg = Release|x64
		{338D3F19-DFED-4C74-91B9-F2C6179553EF}.Release|x64.Build.0 = Release|x64
		{338D3F19-DFED-4C74-91B9-F2C6179553EF}.Release|x86.ActiveCfg = Release|x86
		{338D3F19-DFED-4C74-91B9-F2C6179553EF}.Release|x86.Build.0 = Release|x86
		{7CDD1932-0788-4390-AF20-A53E814D39D2}.Debug|x64.ActiveCfg = Debug|x64
		{7CDD1932-0788-4390-AF20-A53E814D39D2}.Debug|x64.Build.0 = Debug|x64
		{7CDD1932-0788-4390-AF20-A53E814D39D2}.Debug|x86.ActiveCfg = Debug|x86
		{7CDD1932-0788-4390-AF20-A53E814D39D2}.Debug|x86.Build.0 = Debug|x86
		{7CDD1932-0788-4390-AF20-A53E814D39D2}.Release|x64.ActiveCfg = Release|x64
		{7CDD1932-0788-4390-AF20-A53E814D39D2}.Release|x64.Build.0 = Release|x64
		{7CDD1932-0788-4390-AF20-A53E814D39D2}.Release|x86.ActiveCfg = Release|x86
		{7CDD1932-0788-4390-AF20-A53E814D39D2}.Release|x86.Build.0 = Release|x86
		{447D957B-A8B3-49B9-A4A8-09F127CB249F}.Debug|x64.ActiveCfg = Debug|x64
		{447D957B-A8B3-49B9-A4A8-09F127CB249F}.Debug|x64.Build.0 = Debug|x64
		{447D957B-A8B3-49B9-A4A8-09F127CB249F}.Debug|x86.ActiveCfg = Debug|x86
		{447D957B-A8B3-49B9-A4A8-09F127CB249F}.Debug|x86.Build.0 = Debug|x86
		{447D957B-A8B3-49B9-A4A8-09F127CB249F}.Release|x64.ActiveCfg = Release|x64
		{447D957B-A8B3-49B9-A4A8-09F127CB249F}.Release|x64.Build.0 = Release|x64
		{447D957B-A8B3-49B9-A4A8-09F127CB249F}.Release|x86.ActiveCfg = Release|x86
		{447D957B-A8B3-49B9-A4A8-09F127CB249F}.Release|x86.Build.0 = Release|x86
		{8F0467F9-A9B7-40DC-BC32-ABA4EE57BA18}.Debug|x64.ActiveCfg = Debug|x64
		{8F0467F9-A9B7-40DC-BC32-ABA4EE57BA18}.Debug|x64.Build.0 = Debug|x64
		{8F0467F9-A9B7-40DC-BC32-ABA4EE57BA18}.Debug|x86.ActiveCfg = Debug|x86
		{8F0467F9-A9B7-40DC-BC32-ABA4EE57BA18}.Debug|x86.Build.0 = Debug|x86
		{8F0467F9-A9B7-40DC-BC32-ABA4EE57BA18}.Release|x64.ActiveCfg = Release|x64
		{8F0467F9-A9B7-40DC-BC32-ABA4EE57BA18}.Release|x64.Build.0 = Release|x64
		{8F0467F9-A9B7-40DC-BC32-ABA4EE57BA18}.Release|x86.ActiveCfg = Release|x86
		{8F0467F9-A9B7-40DC-BC32-ABA4EE57BA18}.Release|x86.Build.0 = Release|x86
		{AE51EBC3-5297-489A-874C-CC156C7D586A}.Debug|x64.ActiveCfg = Debug|x64
		{AE51EBC3-5297-489A-874C-CC156C7D586A}.Debug|x64.Build.0 = Debug|x64
		{AE51EBC3-5297-489A-874C-CC156C7D586A}.Debug|x86.ActiveCfg = Debug|x86
		{AE51EBC3-5297-489A-874C-CC156C7D586A}.Debug|x86.Build.0 = Debug|x86
		{AE51EBC3-5297-489A-874C-CC156C7D586A}.Release|x64.ActiveCfg = Release|x64
		{AE51EBC3-5297-489A-874C-CC156C7D586A}.Release|x64.Build.0 = Release|x64
		{AE51EBC3-5297-489A-874C-CC156C7D586A}.Release|x86.ActiveCfg = Release|x86
		{AE51EBC3-5297-489A-874C-CC156C7D586A}.Release|x86.Build.0 = Release|x86
		{CCB56584-4FA3-479C-BF46-98B5CDC336B8}.Debug|x64.ActiveCfg = Debug|x64
		{CCB56584-4FA3-479C-BF46-98B5CDC336B8}.Debug|x64.Build.0 = Debug|x64
		{CCB56584-4FA3-479C-BF46-98B5CDC336B8}.Debug|x86.ActiveCfg = Debug|x86
		{CCB56584-4FA3-479C-BF46-98B5CDC336B8}.Debug|x86.Build.0 = Debug|x86
		{CCB56584-4FA3-479C-BF46-98B5CDC336B8}.Release|x64.ActiveCfg = Release|x64
		{CCB56584-4FA3-479C-BF46-98B5CDC336B8}.Release|x64.Build.0 = Release|x64
		{CCB56584-4FA3-479C-BF46-98B5CDC336B8}.Release|x86.ActiveCfg = Release|x86
		{CCB56584-4FA3-479C-BF46-98B5CDC336B8}.Release|x86.Build.0 = Release|x86
		{C17C62AF-6841-48C3-BEA4-2B249371C78D}.Debug|x64.ActiveCfg = Debug|x64
		{C17C62AF-6841-48C3-BEA4-2B249371C78D}.Debug|x64.Build.0 = Debug|x64
		{C17C62AF-6841-48C3-BEA4-2B249371C78D}.Debug|x86.ActiveCfg = Debug|x86
		{C17C62AF-6841-48C3-BEA4-2B249371C78D}.Debug|x86.Build.0 = Debug|x86
		{C17C62AF-6841-48C3-BEA4-2B249371C78D}.Release|x64.ActiveCfg = Release|x64
		{C17C62AF-6841-48C3-BEA4-2B249371C78D}.Release|x64.Build.0 = Release|x64
		{C17C62AF-6841-48C3-BEA4-2B249371C78D}.Release|x86.ActiveCfg = Release|x86
		{C17C62AF-6841-48C3-BEA4-2B249371C78D}.Release|x86.Build.0 = Release|x86
		{203C0320-DD54-45E0-BC80-F5FD78178487}.Debug|x64.ActiveCfg = Debug|x64
		{203C0320-DD54-45E0-BC80-F5FD78178487}.Debug|x64.Build.0 = Debug|x64
		{203C0320-DD54-45E0-BC80-F5FD78178487}.Debug|x86.ActiveCfg = Debug|x86
		{203C0320-DD54-45E0-BC80-F5FD78178487}.Debug|x86.Build.0 = Debug|x86
		{203C0320-DD54-45E0-BC80-F5FD78178487}.Release|x64.ActiveCfg = Release|x64
		{203C0320-DD54-45E0-BC80-F5FD78178487}.Release|x64.Build.0 = Release|x64
		{203C0320-DD54-45E0-BC80-F5FD78178487}.Release|x86.ActiveCfg = Release|x86
		{203C0320-DD54-45E0-BC80-F5FD78178487}.Release|x86.Build.0 = Release|x86
		{F40B1C87-0D2F-4B06-AC45-E8DBF26D4B30}.Debug|x64.ActiveCfg = Debug|x64
		{F40B1C87-0D2F-4B06-AC45-E8DBF26D4B30}.Debug|x64.Build.0 = Debug|x64
		{F40B1C87-0D2F-4B06-AC45-E8DBF26D4B30}.Debug|x86.ActiveCfg = Debug|x86
		{F40B1C87-0D2F-4B06-AC45-E8DBF26D4B30}.Debug|x86.Build.0 = Debug|x86
		{F40B1C87-0D2F-4B06-AC45-E8DBF26D4B30}.Release|x64.ActiveCfg = Release|x64
		{F40B1C87-0D2F-4B06-AC45-E8DBF26D4B30}.Release|x64.Build.0 = Release|x64
		{F40B1C87-0D2F-4B06-AC45-E8DBF26D4B30}.Release|x86.ActiveCfg = Release|x86
		{F40B1C87-0D2F-4B06-AC45-E8DBF26D4B30}.Release|x86.Build.0 = Release|x86
		{696D540A-B209-451A-B6A8-40FBCF6DBB37}.Debug|x64.ActiveCfg = Debug|x64
		{696D540A-B209-451A-B6A8-40FBCF6DBB37}.Debug|x64.Build.0 = Debug|x64
		{696D540A-B209-451A-B6A8-40FBCF6DBB37}.Debug|x86.ActiveCfg = Debug|x86
		{696D540A-B209-451A-B6A8-40FBCF6DBB37}.Debug|x86.Build.0 = Debug|x86
		{696D540A-B209-451A-B6A8-40FBCF6DBB37}.Release|x64.ActiveCfg = Release|x64
		{696D540A-B209-451A-B6A8-40FBCF6DBB37}.Release|x64.Build.0 = Release|x64
		{696D540A-B209-451A-B6A8-40FBCF6DBB37}.Release|x86.ActiveCfg = Release|x86
		{696D540A-B209-451A-B6A8-40FBCF6DBB37}.Release|x86.Build.0 = Release|x86
		{66E80F0B-60C0-4CAC-B9DE-518DD4135BED}.Debug|x64.ActiveCfg = Debug|x64
		{66E80F0B-60C0-4CAC-B9DE-518DD4135BED}.Debug|x64.Build.0 = Debug|x64
		{66E80F0B-60C0-4CAC-B9DE-518DD4135BED}.Debug|x86.ActiveCfg = Debug|x86
		{66E80F0B-60C0-4CAC-B9DE-518DD4135BED}.Debug|x86.Build.0 = Debug|x86
		{66E80F0B-60C0-4CAC-B9DE-518DD4135BED}.Release|x64.ActiveCfg = Release|x64
		{66E80F0B-60C0-4CAC-B9DE-518DD4135BED}.Release|x64.Build.0 = Release|x64
		{66E80F0B-60C0-4CAC-B9DE-518DD4135BED}.Release|x86.ActiveCfg = Release|x86
		{66E80F0B-60C0-4CAC-B9DE-518DD4135BED}.Release|x86.Build.0 = Release|x86
		{E4FD28E9-D398-4596-BFCD-F6835A3362D1}.Debug|x64.ActiveCfg = Debug|x64
		{E4FD28E9-D398-4596-BFCD-F6835A3362D1}.Debug|x64.Build.0 = Debug|x64
		{E4FD28E9-D398-4596-BFCD-F6835A3362D1}.Debug|x86.ActiveCfg = Debug|x86
		{E4FD28E9-D398-4596-BFCD-F6835A3362D1}.Debug|x86.Build.0 = Debug|x86
		{E4FD28E9-D398-4596-BFCD-F6835A3362D1}.Release|x64.ActiveCfg = Release|x64
		{E4FD28E9-D398-4596-BFCD-F6835A3362D1}.Release|x64.Build.0 = Release|x64
		{E4FD28E9-D398-4596-BFCD-F6835A3362D1}.Release|x86.ActiveCfg = Release|x86
		{E4FD28E9-D398-4596-BFCD-F6835A3362D1}.Release|x86.Build.0 = Release|x86
		{A9A712EB-9BE2-46ED-8CD6-890E8D84714B}.Debug|x64.ActiveCfg = Debug|x64
		{A9A712EB-9BE2-46ED-8CD6-890E8D84714B}.Debug|x64.Build.0 = Debug|x64
		{A9A712EB-9BE2-46ED-8CD6-890E8D84714B}.Debug|x86.ActiveCfg = Debug|x86
		{A9A712EB-9BE2-46ED-8CD6-890E8D84714B}.Debug|x86.Build.0 = Debug|x86
		{A9A712EB-9BE2-46ED-8CD6-890E8D84714B}.Release|x64.ActiveCfg = Release|x64
		{A9A712EB-9BE2-46ED-8CD6-890E8D84714B}.Release|x64.Build.0 = Release|x64
		{A9A712EB-9BE2-46ED-8CD6-890E8D84714B}.Release|x86.ActiveCfg = Release|x86
		{A9A712EB-9BE2-46ED-8CD6-890E8D84714B}.Release|x86.Build.0 = Release|x86
		{46F1A2F8-4FB6-4129-8C1B-FC63E934D6FD}.Debug|x64.ActiveCfg = Debug|x64
		{46F1A2F8-4FB6-4129-8C1B-FC63E934D6FD}.Debug|x64.Build.0 = Debug|x64
		{46F1A2F8-4FB6-4129-8C1B-FC63E934D6FD}.Debug|x86.ActiveCfg = Debug|x86
		{46F1A2F8-4FB6-4129-8C1B-FC63E934D6FD}.Debug|x86.Build.0 = Debug|x86
		{46F1A2F8-4FB6-4129-8C1B-FC63E934D6FD}.Release|x64.ActiveCfg = Release|x64
		{46F1A2F8-4FB6-4129-8C1B-FC63E934D6FD}.Release|x64.Build.0 = Release|x64
		{46F1A2F8-4FB6-4129-8C1B-FC63E934D6FD}.Release|x86.ActiveCfg = Release|x86
		{46F1A2F8-4FB6-4129-8C1B-FC63E934D6FD}.Release|x86.Build.0 = Release|x86
		{BEAD4E19-5D2E-4DA0-9BC0-3E0B64E2753D}.Debug|x64.ActiveCfg = Debug|x64
		{BEAD4E19-5D2E-4DA0-9BC0-3E0B64E2753D}.Debug|x64.Build.0 = Debug|x64
		{BEAD4E19-5D2E-4DA0-9BC0-3E0B64E2753D}.Debug|x86.ActiveCfg = Debug|x86
		{BEAD4E19-5D2E-4DA0-9BC0-3E0B64E2753D}.Debug|x86.Build.0 = Debug|x86
		{BEAD4E19-5D2E-4DA0-9BC0-3E0B64E2753D}.Release|x64.ActiveCfg = Release|x64
		{BEAD4E19-5D2E-4DA0-9BC0-3E0B64E2753D}.Release|x64.Build.0 = Release|x64
		{BEAD4E19-5D2E-4DA0-9BC0-3E0B64E2753D}.Release|x86.ActiveCfg = Release|x86
		{BEAD4E19-5D2E-4DA0-9BC0-3E0B64E2753D}.Release|x86.Build.0 = Release|x86
	EndGlobalSection
	GlobalSection(SolutionProperties) = preSolution
		HideSolutionNode = FALSE
	EndGlobalSection
	GlobalSection(NestedProjects) = preSolution
		{7EBFD9C2-68D5-48B9-B101-B5260DCAEC78} = {66C85CA6-B5A8-43A8-BD9A-DFF62604098C}
		{EFD46FA5-F48D-4B19-AA99-D9DAF4D2F795} = {01A4DAE6-A3F5-4D41-BAEB-FDE9EBB94180}
		{BCB329B2-3FBA-4BDA-86A8-1F1CD4742861} = {01A4DAE6-A3F5-4D41-BAEB-FDE9EBB94180}
		{7EFBDEF8-306D-49D7-BBFB-F41995AED2F8} = {01A4DAE6-A3F5-4D41-BAEB-FDE9EBB94180}
		{B45FCE37-4121-4ABB-A539-AB5DE53D147A} = {0A3CD00F-20C7-42FF-9DC1-01FA74FC0860}
		{1AA8677F-73E8-4FE5-9822-56273A557FB2} = {0A3CD00F-20C7-42FF-9DC1-01FA74FC0860}
		{60C87E1C-841D-439D-BB52-EF41B3FE8E5F} = {A012D70C-CFF5-4A33-88DE-6A6C9DA1CF62}
		{0E25B21E-2BAE-41AB-A9B7-1ABC28A9AE93} = {DCCDFC3D-3285-458D-B711-8B614918BE88}
		{8A3D399A-126B-428D-87CE-3EFA41145764} = {DCCDFC3D-3285-458D-B711-8B614918BE88}
		{A092B2E6-81A0-47F6-8C39-EE485E67F8F8} = {B9B4AE17-8160-4FFB-A28F-1FCC5BB5B438}
		{7BCBB351-0183-4601-9EE9-824DB2A4F10E} = {0A3CD00F-20C7-42FF-9DC1-01FA74FC0860}
		{338D3F19-DFED-4C74-91B9-F2C6179553EF} = {0A3CD00F-20C7-42FF-9DC1-01FA74FC0860}
		{7CDD1932-0788-4390-AF20-A53E814D39D2} = {B9B4AE17-8160-4FFB-A28F-1FCC5BB5B438}
		{447D957B-A8B3-49B9-A4A8-09F127CB249F} = {01A4DAE6-A3F5-4D41-BAEB-FDE9EBB94180}
		{8F0467F9-A9B7-40DC-BC32-ABA4EE57BA18} = {01A4DAE6-A3F5-4D41-BAEB-FDE9EBB94180}
		{AE51EBC3-5297-489A-874C-CC156C7D586A} = {A03F6C7A-A233-408C-AF13-84D99EA997C2}
		{CCB56584-4FA3-479C-BF46-98B5CDC336B8} = {01A4DAE6-A3F5-4D41-BAEB-FDE9EBB94180}
		{C17C62AF-6841-48C3-BEA4-2B249371C78D} = {CDB8179D-EC8A-4B77-9788-529F217E83A6}
		{203C0320-DD54-45E0-BC80-F5FD78178487} = {66C85CA6-B5A8-43A8-BD9A-DFF62604098C}
		{F40B1C87-0D2F-4B06-AC45-E8DBF26D4B30} = {01A4DAE6-A3F5-4D41-BAEB-FDE9EBB94180}
		{696D540A-B209-451A-B6A8-40FBCF6DBB37} = {01A4DAE6-A3F5-4D41-BAEB-FDE9EBB94180}
		{66E80F0B-60C0-4CAC-B9DE-518DD4135BED} = {0A3CD00F-20C7-42FF-9DC1-01FA74FC0860}
		{E4FD28E9-D398-4596-BFCD-F6835A3362D1} = {01A4DAE6-A3F5-4D41-BAEB-FDE9EBB94180}
		{A9A712EB-9BE2-46ED-8CD6-890E8D84714B} = {01A4DAE6-A3F5-4D41-BAEB-FDE9EBB94180}
		{46F1A2F8-4FB6-4129-8C1B-FC63E934D6FD} = {01A4DAE6-A3F5-4D41-BAEB-FDE9EBB94180}
		{BEAD4E19-5D2E-4DA0-9BC0-3E0B64E2753D} = {01A4DAE6-A3F5-4D41-BAEB-FDE9EBB94180}
	EndGlobalSection
	GlobalSection(ExtensibilityGlobals) = postSolution
		SolutionGuid = {7D2A8375-0236-4D91-A979-5D0F909830C2}
	EndGlobalSection
EndGlobal
