
Microsoft Visual Studio Solution File, Format Version 12.00
# Visual Studio Version 17
VisualStudioVersion = 17.1.32319.34
MinimumVisualStudioVersion = 10.0.40219.1
Project("{9A19103F-16F7-4668-BE54-9A1E7A4F7556}") = "LoadingAndSaving", "Samples\Image\LoadingAndSaving\LoadingAndSaving.csproj", "{7EBFD9C2-68D5-48B9-B101-B5260DCAEC78}"
EndProject
Project("{9A19103F-16F7-4668-BE54-9A1E7A4F7556}") = "PDFContentExtractText", "Samples\PDF\PDFContentExtractText\PDFContentExtractText.csproj", "{7EFBDEF8-306D-49D7-BBFB-F41995AED2F8}"
EndProject
Project("{9A19103F-16F7-4668-BE54-9A1E7A4F7556}") = "CreatePDFFormField", "Samples\PDF Acroform\CreatePDFFormField\CreatePDFFormField.csproj", "{60C87E1C-841D-439D-BB52-EF41B3FE8E5F}"
EndProject
Project("{9A19103F-16F7-4668-BE54-9A1E7A4F7556}") = "AdjustContrastForRasterImage", "Samples\Image Processing\AdjustContrastForRasterImage\AdjustContrastForRasterImage.csproj", "{60D98B51-220E-40D7-902E-3D2ECED52797}"
EndProject
Project("{9A19103F-16F7-4668-BE54-9A1E7A4F7556}") = "CropAndResizeRasterImage", "Samples\Image Processing\CropAndResizeRasterImage\CropAndResizeRasterImage.csproj", "{0E25B21E-2BAE-41AB-A9B7-1ABC28A9AE93}"
EndProject
Project("{9A19103F-16F7-4668-BE54-9A1E7A4F7556}") = "DespeckleAndDeskewRasterImage", "Samples\Image Processing\DespeckleAndDeskewRasterImage\DespeckleAndDeskewRasterImage.csproj", "{8A3D399A-126B-428D-87CE-3EFA41145764}"
EndProject
Project("{9A19103F-16F7-4668-BE54-9A1E7A4F7556}") = "ErodeAndDilateRasterImage", "Samples\Image Processing\ErodeAndDilateRasterImage\ErodeAndDilateRasterImage.csproj", "{86873757-FF9E-4248-AA1D-416479377425}"
EndProject
Project("{9A19103F-16F7-4668-BE54-9A1E7A4F7556}") = "EqualizeContrastForRasterImage", "Samples\Image Processing\EqualizeContrastForRasterImage\EqualizeContrastForRasterImage.csproj", "{D4725703-F3D5-4DCB-BDBD-E13CC1D41758}"
EndProject
Project("{9A19103F-16F7-4668-BE54-9A1E7A4F7556}") = "ImageCleanup", "Samples\Image Processing\ImageCleanup\ImageCleanup.csproj", "{4F34C6F3-BFE9-4226-BFA5-60B0B7F89E2C}"
EndProject
Project("{9A19103F-16F7-4668-BE54-9A1E7A4F7556}") = "AddImageToPDFAsAPage", "Samples\PDF and JPEG\AddImageToPDFAsAPage\AddImageToPDFAsAPage.csproj", "{A092B2E6-81A0-47F6-8C39-EE485E67F8F8}"
EndProject
Project("{9A19103F-16F7-4668-BE54-9A1E7A4F7556}") = "PlaceImageOnAnExistingPDFPage", "Samples\PDF and JPEG\PlaceImageOnAnExistingPDFPage\PlaceImageOnAnExistingPDFPage.csproj", "{7CDD1932-0788-4390-AF20-A53E814D39D2}"
EndProject
Project("{9A19103F-16F7-4668-BE54-9A1E7A4F7556}") = "MergeTwoPDFFiles", "Samples\PDF\MergeTwoPDFFiles\MergeTwoPDFFiles.csproj", "{447D957B-A8B3-49B9-A4A8-09F127CB249F}"
EndProject
Project("{9A19103F-16F7-4668-BE54-9A1E7A4F7556}") = "PDFFileToMultipageTIFF", "Samples\PDF\PDFFileToMultipageTIFF\PDFFileToMultipageTIFF.csproj", "{8F0467F9-A9B7-40DC-BC32-ABA4EE57BA18}"
EndProject
Project("{9A19103F-16F7-4668-BE54-9A1E7A4F7556}") = "CompressPDFFile", "Samples\PDF Compression\CompressPDFFile\CompressPDFFile.csproj", "{AE51EBC3-5297-489A-874C-CC156C7D586A}"
EndProject
Project("{9A19103F-16F7-4668-BE54-9A1E7A4F7556}") = "SetPDFSecurity", "Samples\PDF\SetPDFSecurity\SetPDFSecurity.csproj", "{CCB56584-4FA3-479C-BF46-98B5CDC336B8}"
EndProject
Project("{9A19103F-16F7-4668-BE54-9A1E7A4F7556}") = "ConvertRasterImageFormat", "Samples\Image Conversion\ConvertRasterImageFormat\ConvertRasterImageFormat.csproj", "{C17C62AF-6841-48C3-BEA4-2B249371C78D}"
EndProject
Project("{9A19103F-16F7-4668-BE54-9A1E7A4F7556}") = "MetadataGeneralAPI", "Samples\Image\MetadataGeneralAPI\MetadataGeneralAPI.csproj", "{203C0320-DD54-45E0-BC80-F5FD78178487}"
EndProject
Project("{9A19103F-16F7-4668-BE54-9A1E7A4F7556}") = "PDFContentAddText", "Samples\PDF\PDFContentAddText\PDFContentAddText.csproj", "{F40B1C87-0D2F-4B06-AC45-E8DBF26D4B30}"
EndProject
Project("{9A19103F-16F7-4668-BE54-9A1E7A4F7556}") = "MultipageTIFFtoPDFFile", "Samples\PDF\MultipageTIFFtoPDFFile\MultipageTIFFtoPDFFile.csproj", "{696D540A-B209-451A-B6A8-40FBCF6DBB37}"
EndProject
Project("{9A19103F-16F7-4668-BE54-9A1E7A4F7556}") = "SmartZoneOCRToPDF", "Samples\PDF\SmartZoneOCRToPDF\SmartZoneOCRToPDF.csproj", "{A7C156DF-02EA-456C-87AA-26E8BBFD3F22}"
EndProject
Project("{9A19103F-16F7-4668-BE54-9A1E7A4F7556}") = "DeletePDFPage", "Samples\PDF\DeletePDFPage\DeletePDFPage.csproj", "{E4FD28E9-D398-4596-BFCD-F6835A3362D1}"
EndProject
Project("{9A19103F-16F7-4668-BE54-9A1E7A4F7556}") = "IntrinsicallyRotatePDFPage", "Samples\PDF\IntrinsicallyRotatePDFPage\IntrinsicallyRotatePDFPage.csproj", "{A9A712EB-9BE2-46ED-8CD6-890E8D84714B}"
EndProject
Project("{9A19103F-16F7-4668-BE54-9A1E7A4F7556}") = "SaveAllImagesOnPDFPage", "Samples\PDF\SaveAllImagesOnPDFPage\SaveAllImagesOnPDFPage.csproj", "{46F1A2F8-4FB6-4129-8C1B-FC63E934D6FD}"
EndProject
Project("{9A19103F-16F7-4668-BE54-9A1E7A4F7556}") = "LoadingAndSavingPDF", "Samples\PDF\LoadingAndSavingPDF\LoadingAndSavingPDF.csproj", "{BEAD4E19-5D2E-4DA0-9BC0-3E0B64E2753D}"
EndProject
Project("{2150E333-8FDC-42A3-9474-1A3956D46DE8}") = "PDF", "PDF", "{01A4DAE6-A3F5-4D41-BAEB-FDE9EBB94180}"
EndProject
Project("{2150E333-8FDC-42A3-9474-1A3956D46DE8}") = "Image", "Image", "{66C85CA6-B5A8-43A8-BD9A-DFF62604098C}"
EndProject
Project("{2150E333-8FDC-42A3-9474-1A3956D46DE8}") = "Image Conversion", "Image Conversion", "{CDB8179D-EC8A-4B77-9788-529F217E83A6}"
EndProject
Project("{2150E333-8FDC-42A3-9474-1A3956D46DE8}") = "Image Processing", "Image Processing", "{DCCDFC3D-3285-458D-B711-8B614918BE88}"
EndProject
Project("{2150E333-8FDC-42A3-9474-1A3956D46DE8}") = "PDF Acroform", "PDF Acroform", "{A012D70C-CFF5-4A33-88DE-6A6C9DA1CF62}"
EndProject
Project("{2150E333-8FDC-42A3-9474-1A3956D46DE8}") = "PDF and JPEG", "PDF and JPEG", "{B9B4AE17-8160-4FFB-A28F-1FCC5BB5B438}"
EndProject
Project("{2150E333-8FDC-42A3-9474-1A3956D46DE8}") = "PDF Compression", "PDF Compression", "{A03F6C7A-A233-408C-AF13-84D99EA997C2}"
EndProject
Project("{2150E333-8FDC-42A3-9474-1A3956D46DE8}") = "PDF XFA", "PDF XFA", "{470F93B3-C519-4D9F-922A-BCB801CD72E5}"
EndProject
Project("{2150E333-8FDC-42A3-9474-1A3956D46DE8}") = "Office", "Office", "{6E23A9FB-DF77-4EF2-8A94-77B9ADC1D239}"
EndProject
Project("{9A19103F-16F7-4668-BE54-9A1E7A4F7556}") = "ReadOfficeMetadata", "Samples\Office\ReadOfficeMetadata\ReadOfficeMetadata.csproj", "{5E7E1FA2-4343-476D-BC8F-83FB69C060FC}"
EndProject
Project("{9A19103F-16F7-4668-BE54-9A1E7A4F7556}") = "OfficeFileToRasterFormat", "Samples\Office\OfficeFileToRasterFormat\OfficeFileToRasterFormat.csproj", "{C8D8A8A8-C0A6-4B80-8D6A-56482B8D2425}"
EndProject
Project("{9A19103F-16F7-4668-BE54-9A1E7A4F7556}") = "OfficeFileToPDFFile", "Samples\Office\OfficeFileToPDFFile\OfficeFileToPDFFile.csproj", "{CE96BE7A-7B1E-4D92-B09C-A0DD28D4D5A9}"
EndProject
Project("{2150E333-8FDC-42A3-9474-1A3956D46DE8}") = "Email", "Email", "{B12EAB58-09D4-40CE-BAE1-01490C912EF6}"
EndProject
Project("{9A19103F-16F7-4668-BE54-9A1E7A4F7556}") = "EmailFileToRasterFormat", "Samples\Email\EmailFileToRasterFormat\EmailFileToRasterFormat.csproj", "{4FA408A4-6E39-4604-BC1A-6EA44171C2B9}"
EndProject
Project("{9A19103F-16F7-4668-BE54-9A1E7A4F7556}") = "EmailFileToPDFFile", "Samples\Email\EmailFileToPDFFile\EmailFileToPDFFile.csproj", "{F897C652-9F13-486A-81E6-06C25AD358C7}"
EndProject
Project("{9A19103F-16F7-4668-BE54-9A1E7A4F7556}") = "ExtractEmailAttachments", "Samples\Email\ExtractEmailAttachments\ExtractEmailAttachments.csproj", "{F17C93B5-B938-460B-96C5-FB3D5F8E8A60}"
EndProject
Project("{9A19103F-16F7-4668-BE54-9A1E7A4F7556}") = "ConvertMultipageRasterImageToSVG", "Samples\Image Conversion\ConvertMultipageRasterImageToSVG\ConvertMultipageRasterImageToSVG.csproj", "{240814C5-AB2F-4F81-AAA9-BDA1E7027A81}"
EndProject
Project("{9A19103F-16F7-4668-BE54-9A1E7A4F7556}") = "DetectImageFormat", "Samples\Image\DetectImageFormat\DetectImageFormat.csproj", "{FB3BC08E-2665-4E36-B4B1-94AC46C1397A}"
EndProject
Project("{9A19103F-16F7-4668-BE54-9A1E7A4F7556}") = "LoadEncryptedPDF", "Samples\PDF\LoadEncryptedPDF\LoadEncryptedPDF.csproj", "{6442CAB8-8F5D-465F-AE4A-42A58A92D663}"
EndProject
Project("{9A19103F-16F7-4668-BE54-9A1E7A4F7556}") = "ExtractEmailMetadata", "Samples\Email\ExtractEmailMetadata\ExtractEmailMetadata.csproj", "{7AC674B0-A38B-497C-A8EB-1053B489B6F0}"
EndProject
Project("{9A19103F-16F7-4668-BE54-9A1E7A4F7556}") = "OpenPDFWithXFA", "Samples\PDF XFA\OpenPDFWithXFA\OpenPDFWithXFA.csproj", "{12AE0A61-6DAB-4D39-9B38-98A86B80F794}"
EndProject
Project("{9A19103F-16F7-4668-BE54-9A1E7A4F7556}") = "CompressUsingOptions", "Samples\Image\CompressUsingOptions\CompressUsingOptions.csproj", "{1C813E65-1C83-404E-A152-D2755BFF3684}"
EndProject
Project("{9A19103F-16F7-4668-BE54-9A1E7A4F7556}") = "FlattenPDFFormFields", "Samples\PDF Acroform\FlattenPDFFormFields\FlattenPDFFormFields.csproj", "{A02DF81C-094E-4299-8603-119B2D90A719}"
EndProject
Project("{9A19103F-16F7-4668-BE54-9A1E7A4F7556}") = "ReadPDFFormFields", "Samples\PDF Acroform\ReadPDFFormFields\ReadPDFFormFields.csproj", "{9CFEA100-7A9E-464A-AE40-04AEA7BCD4DB}"
EndProject
Project("{9A19103F-16F7-4668-BE54-9A1E7A4F7556}") = "SetPDFFormFields", "Samples\PDF Acroform\SetPDFFormFields\SetPDFFormFields.csproj", "{62E82A08-A5CA-4992-AB7D-E2DFCEE431C1}"
EndProject
Project("{9A19103F-16F7-4668-BE54-9A1E7A4F7556}") = "LoadRawImage", "Samples\Image\LoadRawImage\LoadRawImage.csproj", "{E0870280-163C-49F5-86C6-22EB7F58E8F9}"
EndProject
Project("{9A19103F-16F7-4668-BE54-9A1E7A4F7556}") = "LoadSinglePDFPage", "Samples\PDF\LoadSinglePDFPage\LoadSinglePDFPage.csproj", "{0228245F-7782-431F-916B-C6131BA009BA}"
EndProject
Project("{9A19103F-16F7-4668-BE54-9A1E7A4F7556}") = "MetadataSimplifiedAPI", "Samples\Image\MetadataSimplifiedAPI\MetadataSimplifiedAPI.csproj", "{A18AA125-4E19-4AC8-8D51-132CCDDD37A0}"
EndProject
Project("{9A19103F-16F7-4668-BE54-9A1E7A4F7556}") = "SplitPDFIntoMultiplePDFs", "Samples\PDF\SplitPDFIntoMultiplePDFs\SplitPDFIntoMultiplePDFs.csproj", "{E47F18F4-28AE-4DE6-8330-739D9A5D47E7}"
EndProject
Project("{9A19103F-16F7-4668-BE54-9A1E7A4F7556}") = "CreateThumbnailImage", "Samples\Image Processing\CreateThumbnailImage\CreateThumbnailImage.csproj", "{8E449F96-627F-4F23-998E-6678A504FF51}"
EndProject
Project("{9A19103F-16F7-4668-BE54-9A1E7A4F7556}") = "FlipAndRotateRasterImage", "Samples\Image Processing\FlipAndRotateRasterImage\FlipAndRotateRasterImage.csproj", "{7167003A-9075-4DE1-8377-6BC9969AB732}"
EndProject
Project("{9A19103F-16F7-4668-BE54-9A1E7A4F7556}") = "ConvertPDFToPDFA_2b", "Samples\PDF\ConvertPDFToPDFA_2b\ConvertPDFToPDFA_2b.csproj", "{902F9D9C-911D-4E17-89AC-757CDDF849E4}"
EndProject
Project("{9A19103F-16F7-4668-BE54-9A1E7A4F7556}") = "ProcessUsingRegionOfInterest", "Samples\Image Processing\ProcessUsingRegionOfInterest\ProcessUsingRegionOfInterest.csproj", "{940964D7-5DEC-4269-8A21-29B87D92B89A}"
EndProject
Project("{9A19103F-16F7-4668-BE54-9A1E7A4F7556}") = "ProcessUsingRegionOfInterestMask", "Samples\Image Processing\ProcessUsingRegionOfInterestMask\ProcessUsingRegionOfInterestMask.csproj", "{08927F9A-DDEE-4917-8F47-491264FD2A4C}"
EndProject
Project("{9A19103F-16F7-4668-BE54-9A1E7A4F7556}") = "AddWatermarkToPDFPage", "Samples\PDF\AddWatermarkToPDFPage\AddWatermarkToPDFPage.csproj", "{F8250223-DAEF-456B-98E3-4F6DABEC8382}"
EndProject
Project("{9A19103F-16F7-4668-BE54-9A1E7A4F7556}") = "SetFilterControlParametersGlobally", "Samples\Image\SetFilterControlParametersGlobally\SetFilterControlParametersGlobally.csproj", "{AC6A0F04-EBCF-4AB7-B33F-C0C8B8E911F1}"
EndProject
Project("{9A19103F-16F7-4668-BE54-9A1E7A4F7556}") = "LoadPDFSaveWithFlags", "Samples\PDF\LoadPDFSaveWithFlags\LoadPDFSaveWithFlags.csproj", "{D1C75428-3309-4181-B317-9DC3409C246D}"
EndProject
Project("{9A19103F-16F7-4668-BE54-9A1E7A4F7556}") = "LoadingWithLoadOptionsAndSaving", "Samples\Image\LoadingWithLoadOptionsAndSaving\LoadingWithLoadOptionsAndSaving.csproj", "{39091302-4BB1-41C5-BF21-F93FF21D7240}"
EndProject
Project("{9A19103F-16F7-4668-BE54-9A1E7A4F7556}") = "AddingWidgets", "Samples\PDF Acroform\AddingWidgets\AddingWidgets.csproj", "{142F3D0E-6CC3-4506-B45F-648A86D556F4}"
EndProject
Project("{9A19103F-16F7-4668-BE54-9A1E7A4F7556}") = "PDFFileToMultipageTIFFAtHighResolution", "Samples\PDF\PDFFileToMultipageTIFFAtHighResolution\PDFFileToMultipageTIFFAtHighResolution.csproj", "{FFD859DC-059A-459F-B0C4-3943CBEC325D}"
EndProject
Project("{9A19103F-16F7-4668-BE54-9A1E7A4F7556}") = "SpecifyColorProfilesLocally", "Samples\Image\SpecifyColorProfilesLocally\SpecifyColorProfilesLocally.csproj", "{E207398B-E21C-439C-935D-C00D3A6C42E5}"
EndProject
Project("{9A19103F-16F7-4668-BE54-9A1E7A4F7556}") = "SpecifyColorProfilesGlobally", "Samples\Image\SpecifyColorProfilesGlobally\SpecifyColorProfilesGlobally.csproj", "{31FCAA70-8CE7-4B19-8D97-892D473A3800}"
EndProject
Project("{9A19103F-16F7-4668-BE54-9A1E7A4F7556}") = "SetFilterControlParametersLocally", "Samples\Image\SetFilterControlParametersLocally\SetFilterControlParametersLocally.csproj", "{B875F866-994D-4F6D-8437-A9BD9332A826}"
EndProject
Project("{9A19103F-16F7-4668-BE54-9A1E7A4F7556}") = "ModifyFieldAppearance", "Samples\PDF Acroform\ModifyFieldAppearance\ModifyFieldAppearance.csproj", "{B4344C90-BDAE-425E-8045-3D8DB504B193}"
EndProject
Project("{9A19103F-16F7-4668-BE54-9A1E7A4F7556}") = "MetadataSimplifiedAPIUseArraysAndStructures", "Samples\Image\MetadataSimplifiedAPIUseArraysAndStructures\MetadataSimplifiedAPIUseArraysAndStructures.csproj", "{B34E6FB4-31E4-413C-9CCD-62C8CB559269}"
EndProject
Project("{9A19103F-16F7-4668-BE54-9A1E7A4F7556}") = "ManagePDFMetadata", "Samples\PDF\ManagePDFMetadata\ManagePDFMetadata.csproj", "{3F2E67E2-4985-4138-A6AD-7B2736E22001}"
EndProject
Project("{9A19103F-16F7-4668-BE54-9A1E7A4F7556}") = "CreateMetadata", "Samples\Image\CreateMetadata\CreateMetadata.csproj", "{54A6CCE9-92FF-41D6-867A-D527BD021128}"
EndProject
Project("{9A19103F-16F7-4668-BE54-9A1E7A4F7556}") = "SimplifiedMetadataWithNullableFields", "Samples\Image\SimplifiedMetadataWithNullableFields\SimplifiedMetadataWithNullableFields.csproj", "{8CF59239-4949-4B00-B9EA-BF546667F756}"
EndProject
Project("{9A19103F-16F7-4668-BE54-9A1E7A4F7556}") = "PDFtoPDFARestAPI", "Samples\REST API\PDFtoPDFARestAPI\PDFtoPDFARestAPI.csproj", "{59CFD6EC-5F9D-4A03-9868-4F9C365477F0}"
EndProject
Project("{2150E333-8FDC-42A3-9474-1A3956D46DE8}") = "REST API", "REST API", "{2E08BC4B-2300-443A-937C-CEBE8F7DCC6D}"
EndProject
Global
	GlobalSection(SolutionConfigurationPlatforms) = preSolution
		Debug|Any CPU = Debug|Any CPU
		Debug|x64 = Debug|x64
		Release|Any CPU = Release|Any CPU
		Release|x64 = Release|x64
	EndGlobalSection
	GlobalSection(ProjectConfigurationPlatforms) = postSolution
		{7EBFD9C2-68D5-48B9-B101-B5260DCAEC78}.Debug|Any CPU.ActiveCfg = Debug|Any CPU
		{7EBFD9C2-68D5-48B9-B101-B5260DCAEC78}.Debug|Any CPU.Build.0 = Debug|Any CPU
		{7EBFD9C2-68D5-48B9-B101-B5260DCAEC78}.Debug|x64.ActiveCfg = Debug|Any CPU
		{7EBFD9C2-68D5-48B9-B101-B5260DCAEC78}.Debug|x64.Build.0 = Debug|Any CPU
		{7EBFD9C2-68D5-48B9-B101-B5260DCAEC78}.Release|Any CPU.ActiveCfg = Release|Any CPU
		{7EBFD9C2-68D5-48B9-B101-B5260DCAEC78}.Release|Any CPU.Build.0 = Release|Any CPU
		{7EBFD9C2-68D5-48B9-B101-B5260DCAEC78}.Release|x64.ActiveCfg = Release|Any CPU
		{7EBFD9C2-68D5-48B9-B101-B5260DCAEC78}.Release|x64.Build.0 = Release|Any CPU
		{7EFBDEF8-306D-49D7-BBFB-F41995AED2F8}.Debug|Any CPU.ActiveCfg = Debug|x64
		{7EFBDEF8-306D-49D7-BBFB-F41995AED2F8}.Debug|Any CPU.Build.0 = Debug|x64
		{7EFBDEF8-306D-49D7-BBFB-F41995AED2F8}.Debug|x64.ActiveCfg = Debug|x64
		{7EFBDEF8-306D-49D7-BBFB-F41995AED2F8}.Debug|x64.Build.0 = Debug|x64
		{7EFBDEF8-306D-49D7-BBFB-F41995AED2F8}.Release|Any CPU.ActiveCfg = Release|x64
		{7EFBDEF8-306D-49D7-BBFB-F41995AED2F8}.Release|Any CPU.Build.0 = Release|x64
		{7EFBDEF8-306D-49D7-BBFB-F41995AED2F8}.Release|x64.ActiveCfg = Release|x64
		{7EFBDEF8-306D-49D7-BBFB-F41995AED2F8}.Release|x64.Build.0 = Release|x64
		{60C87E1C-841D-439D-BB52-EF41B3FE8E5F}.Debug|Any CPU.ActiveCfg = Debug|x64
		{60C87E1C-841D-439D-BB52-EF41B3FE8E5F}.Debug|Any CPU.Build.0 = Debug|x64
		{60C87E1C-841D-439D-BB52-EF41B3FE8E5F}.Debug|x64.ActiveCfg = Debug|x64
		{60C87E1C-841D-439D-BB52-EF41B3FE8E5F}.Debug|x64.Build.0 = Debug|x64
		{60C87E1C-841D-439D-BB52-EF41B3FE8E5F}.Release|Any CPU.ActiveCfg = Release|x64
		{60C87E1C-841D-439D-BB52-EF41B3FE8E5F}.Release|Any CPU.Build.0 = Release|x64
		{60C87E1C-841D-439D-BB52-EF41B3FE8E5F}.Release|x64.ActiveCfg = Release|x64
		{60C87E1C-841D-439D-BB52-EF41B3FE8E5F}.Release|x64.Build.0 = Release|x64
		{60D98B51-220E-40D7-902E-3D2ECED52797}.Debug|Any CPU.ActiveCfg = Debug|Any CPU
		{60D98B51-220E-40D7-902E-3D2ECED52797}.Debug|Any CPU.Build.0 = Debug|Any CPU
		{60D98B51-220E-40D7-902E-3D2ECED52797}.Debug|x64.ActiveCfg = Debug|Any CPU
		{60D98B51-220E-40D7-902E-3D2ECED52797}.Debug|x64.Build.0 = Debug|Any CPU
		{60D98B51-220E-40D7-902E-3D2ECED52797}.Release|Any CPU.ActiveCfg = Release|Any CPU
		{60D98B51-220E-40D7-902E-3D2ECED52797}.Release|Any CPU.Build.0 = Release|Any CPU
		{60D98B51-220E-40D7-902E-3D2ECED52797}.Release|x64.ActiveCfg = Release|Any CPU
		{60D98B51-220E-40D7-902E-3D2ECED52797}.Release|x64.Build.0 = Release|Any CPU
		{0E25B21E-2BAE-41AB-A9B7-1ABC28A9AE93}.Debug|Any CPU.ActiveCfg = Debug|Any CPU
		{0E25B21E-2BAE-41AB-A9B7-1ABC28A9AE93}.Debug|Any CPU.Build.0 = Debug|Any CPU
		{0E25B21E-2BAE-41AB-A9B7-1ABC28A9AE93}.Debug|x64.ActiveCfg = Debug|Any CPU
		{0E25B21E-2BAE-41AB-A9B7-1ABC28A9AE93}.Debug|x64.Build.0 = Debug|Any CPU
		{0E25B21E-2BAE-41AB-A9B7-1ABC28A9AE93}.Release|Any CPU.ActiveCfg = Release|Any CPU
		{0E25B21E-2BAE-41AB-A9B7-1ABC28A9AE93}.Release|Any CPU.Build.0 = Release|Any CPU
		{0E25B21E-2BAE-41AB-A9B7-1ABC28A9AE93}.Release|x64.ActiveCfg = Release|Any CPU
		{0E25B21E-2BAE-41AB-A9B7-1ABC28A9AE93}.Release|x64.Build.0 = Release|Any CPU
		{8A3D399A-126B-428D-87CE-3EFA41145764}.Debug|Any CPU.ActiveCfg = Debug|Any CPU
		{8A3D399A-126B-428D-87CE-3EFA41145764}.Debug|Any CPU.Build.0 = Debug|Any CPU
		{8A3D399A-126B-428D-87CE-3EFA41145764}.Debug|x64.ActiveCfg = Debug|Any CPU
		{8A3D399A-126B-428D-87CE-3EFA41145764}.Debug|x64.Build.0 = Debug|Any CPU
		{8A3D399A-126B-428D-87CE-3EFA41145764}.Release|Any CPU.ActiveCfg = Release|Any CPU
		{8A3D399A-126B-428D-87CE-3EFA41145764}.Release|Any CPU.Build.0 = Release|Any CPU
		{8A3D399A-126B-428D-87CE-3EFA41145764}.Release|x64.ActiveCfg = Release|Any CPU
		{8A3D399A-126B-428D-87CE-3EFA41145764}.Release|x64.Build.0 = Release|Any CPU
		{86873757-FF9E-4248-AA1D-416479377425}.Debug|Any CPU.ActiveCfg = Debug|Any CPU
		{86873757-FF9E-4248-AA1D-416479377425}.Debug|Any CPU.Build.0 = Debug|Any CPU
		{86873757-FF9E-4248-AA1D-416479377425}.Debug|x64.ActiveCfg = Debug|Any CPU
		{86873757-FF9E-4248-AA1D-416479377425}.Debug|x64.Build.0 = Debug|Any CPU
		{86873757-FF9E-4248-AA1D-416479377425}.Release|Any CPU.ActiveCfg = Release|Any CPU
		{86873757-FF9E-4248-AA1D-416479377425}.Release|Any CPU.Build.0 = Release|Any CPU
		{86873757-FF9E-4248-AA1D-416479377425}.Release|x64.ActiveCfg = Release|Any CPU
		{86873757-FF9E-4248-AA1D-416479377425}.Release|x64.Build.0 = Release|Any CPU
		{D4725703-F3D5-4DCB-BDBD-E13CC1D41758}.Debug|Any CPU.ActiveCfg = Debug|Any CPU
		{D4725703-F3D5-4DCB-BDBD-E13CC1D41758}.Debug|Any CPU.Build.0 = Debug|Any CPU
		{D4725703-F3D5-4DCB-BDBD-E13CC1D41758}.Debug|x64.ActiveCfg = Debug|Any CPU
		{D4725703-F3D5-4DCB-BDBD-E13CC1D41758}.Debug|x64.Build.0 = Debug|Any CPU
		{D4725703-F3D5-4DCB-BDBD-E13CC1D41758}.Release|Any CPU.ActiveCfg = Release|Any CPU
		{D4725703-F3D5-4DCB-BDBD-E13CC1D41758}.Release|Any CPU.Build.0 = Release|Any CPU
		{D4725703-F3D5-4DCB-BDBD-E13CC1D41758}.Release|x64.ActiveCfg = Release|Any CPU
		{D4725703-F3D5-4DCB-BDBD-E13CC1D41758}.Release|x64.Build.0 = Release|Any CPU
		{4F34C6F3-BFE9-4226-BFA5-60B0B7F89E2C}.Debug|Any CPU.ActiveCfg = Debug|Any CPU
		{4F34C6F3-BFE9-4226-BFA5-60B0B7F89E2C}.Debug|Any CPU.Build.0 = Debug|Any CPU
		{4F34C6F3-BFE9-4226-BFA5-60B0B7F89E2C}.Debug|x64.ActiveCfg = Debug|Any CPU
		{4F34C6F3-BFE9-4226-BFA5-60B0B7F89E2C}.Debug|x64.Build.0 = Debug|Any CPU
		{4F34C6F3-BFE9-4226-BFA5-60B0B7F89E2C}.Release|Any CPU.ActiveCfg = Release|Any CPU
		{4F34C6F3-BFE9-4226-BFA5-60B0B7F89E2C}.Release|Any CPU.Build.0 = Release|Any CPU
		{4F34C6F3-BFE9-4226-BFA5-60B0B7F89E2C}.Release|x64.ActiveCfg = Release|Any CPU
		{4F34C6F3-BFE9-4226-BFA5-60B0B7F89E2C}.Release|x64.Build.0 = Release|Any CPU
		{A092B2E6-81A0-47F6-8C39-EE485E67F8F8}.Debug|Any CPU.ActiveCfg = Debug|x64
		{A092B2E6-81A0-47F6-8C39-EE485E67F8F8}.Debug|Any CPU.Build.0 = Debug|x64
		{A092B2E6-81A0-47F6-8C39-EE485E67F8F8}.Debug|x64.ActiveCfg = Debug|x64
		{A092B2E6-81A0-47F6-8C39-EE485E67F8F8}.Debug|x64.Build.0 = Debug|x64
		{A092B2E6-81A0-47F6-8C39-EE485E67F8F8}.Release|Any CPU.ActiveCfg = Release|x64
		{A092B2E6-81A0-47F6-8C39-EE485E67F8F8}.Release|Any CPU.Build.0 = Release|x64
		{A092B2E6-81A0-47F6-8C39-EE485E67F8F8}.Release|x64.ActiveCfg = Release|x64
		{A092B2E6-81A0-47F6-8C39-EE485E67F8F8}.Release|x64.Build.0 = Release|x64
		{7CDD1932-0788-4390-AF20-A53E814D39D2}.Debug|Any CPU.ActiveCfg = Debug|x64
		{7CDD1932-0788-4390-AF20-A53E814D39D2}.Debug|Any CPU.Build.0 = Debug|x64
		{7CDD1932-0788-4390-AF20-A53E814D39D2}.Debug|x64.ActiveCfg = Debug|x64
		{7CDD1932-0788-4390-AF20-A53E814D39D2}.Debug|x64.Build.0 = Debug|x64
		{7CDD1932-0788-4390-AF20-A53E814D39D2}.Release|Any CPU.ActiveCfg = Release|x64
		{7CDD1932-0788-4390-AF20-A53E814D39D2}.Release|Any CPU.Build.0 = Release|x64
		{7CDD1932-0788-4390-AF20-A53E814D39D2}.Release|x64.ActiveCfg = Release|x64
		{7CDD1932-0788-4390-AF20-A53E814D39D2}.Release|x64.Build.0 = Release|x64
		{447D957B-A8B3-49B9-A4A8-09F127CB249F}.Debug|Any CPU.ActiveCfg = Debug|x64
		{447D957B-A8B3-49B9-A4A8-09F127CB249F}.Debug|Any CPU.Build.0 = Debug|x64
		{447D957B-A8B3-49B9-A4A8-09F127CB249F}.Debug|x64.ActiveCfg = Debug|x64
		{447D957B-A8B3-49B9-A4A8-09F127CB249F}.Debug|x64.Build.0 = Debug|x64
		{447D957B-A8B3-49B9-A4A8-09F127CB249F}.Release|Any CPU.ActiveCfg = Release|x64
		{447D957B-A8B3-49B9-A4A8-09F127CB249F}.Release|Any CPU.Build.0 = Release|x64
		{447D957B-A8B3-49B9-A4A8-09F127CB249F}.Release|x64.ActiveCfg = Release|x64
		{447D957B-A8B3-49B9-A4A8-09F127CB249F}.Release|x64.Build.0 = Release|x64
		{8F0467F9-A9B7-40DC-BC32-ABA4EE57BA18}.Debug|Any CPU.ActiveCfg = Debug|x64
		{8F0467F9-A9B7-40DC-BC32-ABA4EE57BA18}.Debug|Any CPU.Build.0 = Debug|x64
		{8F0467F9-A9B7-40DC-BC32-ABA4EE57BA18}.Debug|x64.ActiveCfg = Debug|x64
		{8F0467F9-A9B7-40DC-BC32-ABA4EE57BA18}.Debug|x64.Build.0 = Debug|x64
		{8F0467F9-A9B7-40DC-BC32-ABA4EE57BA18}.Release|Any CPU.ActiveCfg = Release|x64
		{8F0467F9-A9B7-40DC-BC32-ABA4EE57BA18}.Release|Any CPU.Build.0 = Release|x64
		{8F0467F9-A9B7-40DC-BC32-ABA4EE57BA18}.Release|x64.ActiveCfg = Release|x64
		{8F0467F9-A9B7-40DC-BC32-ABA4EE57BA18}.Release|x64.Build.0 = Release|x64
		{AE51EBC3-5297-489A-874C-CC156C7D586A}.Debug|Any CPU.ActiveCfg = Debug|x64
		{AE51EBC3-5297-489A-874C-CC156C7D586A}.Debug|Any CPU.Build.0 = Debug|x64
		{AE51EBC3-5297-489A-874C-CC156C7D586A}.Debug|x64.ActiveCfg = Debug|x64
		{AE51EBC3-5297-489A-874C-CC156C7D586A}.Debug|x64.Build.0 = Debug|x64
		{AE51EBC3-5297-489A-874C-CC156C7D586A}.Release|Any CPU.ActiveCfg = Release|x64
		{AE51EBC3-5297-489A-874C-CC156C7D586A}.Release|Any CPU.Build.0 = Release|x64
		{AE51EBC3-5297-489A-874C-CC156C7D586A}.Release|x64.ActiveCfg = Release|x64
		{AE51EBC3-5297-489A-874C-CC156C7D586A}.Release|x64.Build.0 = Release|x64
		{CCB56584-4FA3-479C-BF46-98B5CDC336B8}.Debug|Any CPU.ActiveCfg = Debug|x64
		{CCB56584-4FA3-479C-BF46-98B5CDC336B8}.Debug|Any CPU.Build.0 = Debug|x64
		{CCB56584-4FA3-479C-BF46-98B5CDC336B8}.Debug|x64.ActiveCfg = Debug|x64
		{CCB56584-4FA3-479C-BF46-98B5CDC336B8}.Debug|x64.Build.0 = Debug|x64
		{CCB56584-4FA3-479C-BF46-98B5CDC336B8}.Release|Any CPU.ActiveCfg = Release|x64
		{CCB56584-4FA3-479C-BF46-98B5CDC336B8}.Release|Any CPU.Build.0 = Release|x64
		{CCB56584-4FA3-479C-BF46-98B5CDC336B8}.Release|x64.ActiveCfg = Release|x64
		{CCB56584-4FA3-479C-BF46-98B5CDC336B8}.Release|x64.Build.0 = Release|x64
		{C17C62AF-6841-48C3-BEA4-2B249371C78D}.Debug|Any CPU.ActiveCfg = Debug|Any CPU
		{C17C62AF-6841-48C3-BEA4-2B249371C78D}.Debug|Any CPU.Build.0 = Debug|Any CPU
		{C17C62AF-6841-48C3-BEA4-2B249371C78D}.Debug|x64.ActiveCfg = Debug|Any CPU
		{C17C62AF-6841-48C3-BEA4-2B249371C78D}.Debug|x64.Build.0 = Debug|Any CPU
		{C17C62AF-6841-48C3-BEA4-2B249371C78D}.Release|Any CPU.ActiveCfg = Release|Any CPU
		{C17C62AF-6841-48C3-BEA4-2B249371C78D}.Release|Any CPU.Build.0 = Release|Any CPU
		{C17C62AF-6841-48C3-BEA4-2B249371C78D}.Release|x64.ActiveCfg = Release|Any CPU
		{C17C62AF-6841-48C3-BEA4-2B249371C78D}.Release|x64.Build.0 = Release|Any CPU
		{203C0320-DD54-45E0-BC80-F5FD78178487}.Debug|Any CPU.ActiveCfg = Debug|Any CPU
		{203C0320-DD54-45E0-BC80-F5FD78178487}.Debug|Any CPU.Build.0 = Debug|Any CPU
		{203C0320-DD54-45E0-BC80-F5FD78178487}.Debug|x64.ActiveCfg = Debug|Any CPU
		{203C0320-DD54-45E0-BC80-F5FD78178487}.Debug|x64.Build.0 = Debug|Any CPU
		{203C0320-DD54-45E0-BC80-F5FD78178487}.Release|Any CPU.ActiveCfg = Release|Any CPU
		{203C0320-DD54-45E0-BC80-F5FD78178487}.Release|Any CPU.Build.0 = Release|Any CPU
		{203C0320-DD54-45E0-BC80-F5FD78178487}.Release|x64.ActiveCfg = Release|Any CPU
		{203C0320-DD54-45E0-BC80-F5FD78178487}.Release|x64.Build.0 = Release|Any CPU
		{F40B1C87-0D2F-4B06-AC45-E8DBF26D4B30}.Debug|Any CPU.ActiveCfg = Debug|x64
		{F40B1C87-0D2F-4B06-AC45-E8DBF26D4B30}.Debug|Any CPU.Build.0 = Debug|x64
		{F40B1C87-0D2F-4B06-AC45-E8DBF26D4B30}.Debug|x64.ActiveCfg = Debug|x64
		{F40B1C87-0D2F-4B06-AC45-E8DBF26D4B30}.Debug|x64.Build.0 = Debug|x64
		{F40B1C87-0D2F-4B06-AC45-E8DBF26D4B30}.Release|Any CPU.ActiveCfg = Release|x64
		{F40B1C87-0D2F-4B06-AC45-E8DBF26D4B30}.Release|Any CPU.Build.0 = Release|x64
		{F40B1C87-0D2F-4B06-AC45-E8DBF26D4B30}.Release|x64.ActiveCfg = Release|x64
		{F40B1C87-0D2F-4B06-AC45-E8DBF26D4B30}.Release|x64.Build.0 = Release|x64
		{696D540A-B209-451A-B6A8-40FBCF6DBB37}.Debug|Any CPU.ActiveCfg = Debug|x64
		{696D540A-B209-451A-B6A8-40FBCF6DBB37}.Debug|Any CPU.Build.0 = Debug|x64
		{696D540A-B209-451A-B6A8-40FBCF6DBB37}.Debug|x64.ActiveCfg = Debug|x64
		{696D540A-B209-451A-B6A8-40FBCF6DBB37}.Debug|x64.Build.0 = Debug|x64
		{696D540A-B209-451A-B6A8-40FBCF6DBB37}.Release|Any CPU.ActiveCfg = Release|x64
		{696D540A-B209-451A-B6A8-40FBCF6DBB37}.Release|Any CPU.Build.0 = Release|x64
		{696D540A-B209-451A-B6A8-40FBCF6DBB37}.Release|x64.ActiveCfg = Release|x64
		{696D540A-B209-451A-B6A8-40FBCF6DBB37}.Release|x64.Build.0 = Release|x64
		{A7C156DF-02EA-456C-87AA-26E8BBFD3F22}.Debug|Any CPU.ActiveCfg = Debug|x64
		{A7C156DF-02EA-456C-87AA-26E8BBFD3F22}.Debug|Any CPU.Build.0 = Debug|x64
		{A7C156DF-02EA-456C-87AA-26E8BBFD3F22}.Debug|x64.ActiveCfg = Debug|x64
		{A7C156DF-02EA-456C-87AA-26E8BBFD3F22}.Debug|x64.Build.0 = Debug|x64
		{A7C156DF-02EA-456C-87AA-26E8BBFD3F22}.Release|Any CPU.ActiveCfg = Release|x64
		{A7C156DF-02EA-456C-87AA-26E8BBFD3F22}.Release|Any CPU.Build.0 = Release|x64
		{A7C156DF-02EA-456C-87AA-26E8BBFD3F22}.Release|x64.ActiveCfg = Release|x64
		{A7C156DF-02EA-456C-87AA-26E8BBFD3F22}.Release|x64.Build.0 = Release|x64
		{E4FD28E9-D398-4596-BFCD-F6835A3362D1}.Debug|Any CPU.ActiveCfg = Debug|x64
		{E4FD28E9-D398-4596-BFCD-F6835A3362D1}.Debug|Any CPU.Build.0 = Debug|x64
		{E4FD28E9-D398-4596-BFCD-F6835A3362D1}.Debug|x64.ActiveCfg = Debug|x64
		{E4FD28E9-D398-4596-BFCD-F6835A3362D1}.Debug|x64.Build.0 = Debug|x64
		{E4FD28E9-D398-4596-BFCD-F6835A3362D1}.Release|Any CPU.ActiveCfg = Release|x64
		{E4FD28E9-D398-4596-BFCD-F6835A3362D1}.Release|Any CPU.Build.0 = Release|x64
		{E4FD28E9-D398-4596-BFCD-F6835A3362D1}.Release|x64.ActiveCfg = Release|x64
		{E4FD28E9-D398-4596-BFCD-F6835A3362D1}.Release|x64.Build.0 = Release|x64
		{A9A712EB-9BE2-46ED-8CD6-890E8D84714B}.Debug|Any CPU.ActiveCfg = Debug|x64
		{A9A712EB-9BE2-46ED-8CD6-890E8D84714B}.Debug|Any CPU.Build.0 = Debug|x64
		{A9A712EB-9BE2-46ED-8CD6-890E8D84714B}.Debug|x64.ActiveCfg = Debug|x64
		{A9A712EB-9BE2-46ED-8CD6-890E8D84714B}.Debug|x64.Build.0 = Debug|x64
		{A9A712EB-9BE2-46ED-8CD6-890E8D84714B}.Release|Any CPU.ActiveCfg = Release|x64
		{A9A712EB-9BE2-46ED-8CD6-890E8D84714B}.Release|Any CPU.Build.0 = Release|x64
		{A9A712EB-9BE2-46ED-8CD6-890E8D84714B}.Release|x64.ActiveCfg = Release|x64
		{A9A712EB-9BE2-46ED-8CD6-890E8D84714B}.Release|x64.Build.0 = Release|x64
		{46F1A2F8-4FB6-4129-8C1B-FC63E934D6FD}.Debug|Any CPU.ActiveCfg = Debug|x64
		{46F1A2F8-4FB6-4129-8C1B-FC63E934D6FD}.Debug|Any CPU.Build.0 = Debug|x64
		{46F1A2F8-4FB6-4129-8C1B-FC63E934D6FD}.Debug|x64.ActiveCfg = Debug|x64
		{46F1A2F8-4FB6-4129-8C1B-FC63E934D6FD}.Debug|x64.Build.0 = Debug|x64
		{46F1A2F8-4FB6-4129-8C1B-FC63E934D6FD}.Release|Any CPU.ActiveCfg = Release|x64
		{46F1A2F8-4FB6-4129-8C1B-FC63E934D6FD}.Release|Any CPU.Build.0 = Release|x64
		{46F1A2F8-4FB6-4129-8C1B-FC63E934D6FD}.Release|x64.ActiveCfg = Release|x64
		{46F1A2F8-4FB6-4129-8C1B-FC63E934D6FD}.Release|x64.Build.0 = Release|x64
		{BEAD4E19-5D2E-4DA0-9BC0-3E0B64E2753D}.Debug|Any CPU.ActiveCfg = Debug|x64
		{BEAD4E19-5D2E-4DA0-9BC0-3E0B64E2753D}.Debug|Any CPU.Build.0 = Debug|x64
		{BEAD4E19-5D2E-4DA0-9BC0-3E0B64E2753D}.Debug|x64.ActiveCfg = Debug|x64
		{BEAD4E19-5D2E-4DA0-9BC0-3E0B64E2753D}.Debug|x64.Build.0 = Debug|x64
		{BEAD4E19-5D2E-4DA0-9BC0-3E0B64E2753D}.Release|Any CPU.ActiveCfg = Release|x64
		{BEAD4E19-5D2E-4DA0-9BC0-3E0B64E2753D}.Release|Any CPU.Build.0 = Release|x64
		{BEAD4E19-5D2E-4DA0-9BC0-3E0B64E2753D}.Release|x64.ActiveCfg = Release|x64
		{BEAD4E19-5D2E-4DA0-9BC0-3E0B64E2753D}.Release|x64.Build.0 = Release|x64
		{5E7E1FA2-4343-476D-BC8F-83FB69C060FC}.Debug|Any CPU.ActiveCfg = Debug|x64
		{5E7E1FA2-4343-476D-BC8F-83FB69C060FC}.Debug|Any CPU.Build.0 = Debug|x64
		{5E7E1FA2-4343-476D-BC8F-83FB69C060FC}.Debug|x64.ActiveCfg = Debug|x64
		{5E7E1FA2-4343-476D-BC8F-83FB69C060FC}.Debug|x64.Build.0 = Debug|x64
		{5E7E1FA2-4343-476D-BC8F-83FB69C060FC}.Release|Any CPU.ActiveCfg = Release|x64
		{5E7E1FA2-4343-476D-BC8F-83FB69C060FC}.Release|Any CPU.Build.0 = Release|x64
		{5E7E1FA2-4343-476D-BC8F-83FB69C060FC}.Release|x64.ActiveCfg = Release|x64
		{5E7E1FA2-4343-476D-BC8F-83FB69C060FC}.Release|x64.Build.0 = Release|x64
		{C8D8A8A8-C0A6-4B80-8D6A-56482B8D2425}.Debug|Any CPU.ActiveCfg = Debug|x64
		{C8D8A8A8-C0A6-4B80-8D6A-56482B8D2425}.Debug|Any CPU.Build.0 = Debug|x64
		{C8D8A8A8-C0A6-4B80-8D6A-56482B8D2425}.Debug|x64.ActiveCfg = Debug|x64
		{C8D8A8A8-C0A6-4B80-8D6A-56482B8D2425}.Debug|x64.Build.0 = Debug|x64
		{C8D8A8A8-C0A6-4B80-8D6A-56482B8D2425}.Release|Any CPU.ActiveCfg = Release|x64
		{C8D8A8A8-C0A6-4B80-8D6A-56482B8D2425}.Release|Any CPU.Build.0 = Release|x64
		{C8D8A8A8-C0A6-4B80-8D6A-56482B8D2425}.Release|x64.ActiveCfg = Release|x64
		{C8D8A8A8-C0A6-4B80-8D6A-56482B8D2425}.Release|x64.Build.0 = Release|x64
		{CE96BE7A-7B1E-4D92-B09C-A0DD28D4D5A9}.Debug|Any CPU.ActiveCfg = Debug|x64
		{CE96BE7A-7B1E-4D92-B09C-A0DD28D4D5A9}.Debug|Any CPU.Build.0 = Debug|x64
		{CE96BE7A-7B1E-4D92-B09C-A0DD28D4D5A9}.Debug|x64.ActiveCfg = Debug|x64
		{CE96BE7A-7B1E-4D92-B09C-A0DD28D4D5A9}.Debug|x64.Build.0 = Debug|x64
		{CE96BE7A-7B1E-4D92-B09C-A0DD28D4D5A9}.Release|Any CPU.ActiveCfg = Release|x64
		{CE96BE7A-7B1E-4D92-B09C-A0DD28D4D5A9}.Release|Any CPU.Build.0 = Release|x64
		{CE96BE7A-7B1E-4D92-B09C-A0DD28D4D5A9}.Release|x64.ActiveCfg = Release|x64
		{CE96BE7A-7B1E-4D92-B09C-A0DD28D4D5A9}.Release|x64.Build.0 = Release|x64
		{4FA408A4-6E39-4604-BC1A-6EA44171C2B9}.Debug|Any CPU.ActiveCfg = Debug|x64
		{4FA408A4-6E39-4604-BC1A-6EA44171C2B9}.Debug|Any CPU.Build.0 = Debug|x64
		{4FA408A4-6E39-4604-BC1A-6EA44171C2B9}.Debug|x64.ActiveCfg = Debug|x64
		{4FA408A4-6E39-4604-BC1A-6EA44171C2B9}.Debug|x64.Build.0 = Debug|x64
		{4FA408A4-6E39-4604-BC1A-6EA44171C2B9}.Release|Any CPU.ActiveCfg = Release|x64
		{4FA408A4-6E39-4604-BC1A-6EA44171C2B9}.Release|Any CPU.Build.0 = Release|x64
		{4FA408A4-6E39-4604-BC1A-6EA44171C2B9}.Release|x64.ActiveCfg = Release|x64
		{4FA408A4-6E39-4604-BC1A-6EA44171C2B9}.Release|x64.Build.0 = Release|x64
		{F897C652-9F13-486A-81E6-06C25AD358C7}.Debug|Any CPU.ActiveCfg = Debug|x64
		{F897C652-9F13-486A-81E6-06C25AD358C7}.Debug|Any CPU.Build.0 = Debug|x64
		{F897C652-9F13-486A-81E6-06C25AD358C7}.Debug|x64.ActiveCfg = Debug|x64
		{F897C652-9F13-486A-81E6-06C25AD358C7}.Debug|x64.Build.0 = Debug|x64
		{F897C652-9F13-486A-81E6-06C25AD358C7}.Release|Any CPU.ActiveCfg = Release|x64
		{F897C652-9F13-486A-81E6-06C25AD358C7}.Release|Any CPU.Build.0 = Release|x64
		{F897C652-9F13-486A-81E6-06C25AD358C7}.Release|x64.ActiveCfg = Release|x64
		{F897C652-9F13-486A-81E6-06C25AD358C7}.Release|x64.Build.0 = Release|x64
		{F17C93B5-B938-460B-96C5-FB3D5F8E8A60}.Debug|Any CPU.ActiveCfg = Debug|x64
		{F17C93B5-B938-460B-96C5-FB3D5F8E8A60}.Debug|Any CPU.Build.0 = Debug|x64
		{F17C93B5-B938-460B-96C5-FB3D5F8E8A60}.Debug|x64.ActiveCfg = Debug|x64
		{F17C93B5-B938-460B-96C5-FB3D5F8E8A60}.Debug|x64.Build.0 = Debug|x64
		{F17C93B5-B938-460B-96C5-FB3D5F8E8A60}.Release|Any CPU.ActiveCfg = Release|x64
		{F17C93B5-B938-460B-96C5-FB3D5F8E8A60}.Release|Any CPU.Build.0 = Release|x64
		{F17C93B5-B938-460B-96C5-FB3D5F8E8A60}.Release|x64.ActiveCfg = Release|x64
		{F17C93B5-B938-460B-96C5-FB3D5F8E8A60}.Release|x64.Build.0 = Release|x64
		{240814C5-AB2F-4F81-AAA9-BDA1E7027A81}.Debug|Any CPU.ActiveCfg = Debug|Any CPU
		{240814C5-AB2F-4F81-AAA9-BDA1E7027A81}.Debug|Any CPU.Build.0 = Debug|Any CPU
		{240814C5-AB2F-4F81-AAA9-BDA1E7027A81}.Debug|x64.ActiveCfg = Debug|Any CPU
		{240814C5-AB2F-4F81-AAA9-BDA1E7027A81}.Debug|x64.Build.0 = Debug|Any CPU
		{240814C5-AB2F-4F81-AAA9-BDA1E7027A81}.Release|Any CPU.ActiveCfg = Release|Any CPU
		{240814C5-AB2F-4F81-AAA9-BDA1E7027A81}.Release|Any CPU.Build.0 = Release|Any CPU
		{240814C5-AB2F-4F81-AAA9-BDA1E7027A81}.Release|x64.ActiveCfg = Release|Any CPU
		{240814C5-AB2F-4F81-AAA9-BDA1E7027A81}.Release|x64.Build.0 = Release|Any CPU
		{FB3BC08E-2665-4E36-B4B1-94AC46C1397A}.Debug|Any CPU.ActiveCfg = Debug|Any CPU
		{FB3BC08E-2665-4E36-B4B1-94AC46C1397A}.Debug|Any CPU.Build.0 = Debug|Any CPU
		{FB3BC08E-2665-4E36-B4B1-94AC46C1397A}.Debug|x64.ActiveCfg = Debug|Any CPU
		{FB3BC08E-2665-4E36-B4B1-94AC46C1397A}.Debug|x64.Build.0 = Debug|Any CPU
		{FB3BC08E-2665-4E36-B4B1-94AC46C1397A}.Release|Any CPU.ActiveCfg = Release|Any CPU
		{FB3BC08E-2665-4E36-B4B1-94AC46C1397A}.Release|Any CPU.Build.0 = Release|Any CPU
		{FB3BC08E-2665-4E36-B4B1-94AC46C1397A}.Release|x64.ActiveCfg = Release|Any CPU
		{FB3BC08E-2665-4E36-B4B1-94AC46C1397A}.Release|x64.Build.0 = Release|Any CPU
		{6442CAB8-8F5D-465F-AE4A-42A58A92D663}.Debug|Any CPU.ActiveCfg = Debug|x64
		{6442CAB8-8F5D-465F-AE4A-42A58A92D663}.Debug|Any CPU.Build.0 = Debug|x64
		{6442CAB8-8F5D-465F-AE4A-42A58A92D663}.Debug|x64.ActiveCfg = Debug|x64
		{6442CAB8-8F5D-465F-AE4A-42A58A92D663}.Debug|x64.Build.0 = Debug|x64
		{6442CAB8-8F5D-465F-AE4A-42A58A92D663}.Release|Any CPU.ActiveCfg = Release|x64
		{6442CAB8-8F5D-465F-AE4A-42A58A92D663}.Release|Any CPU.Build.0 = Release|x64
		{6442CAB8-8F5D-465F-AE4A-42A58A92D663}.Release|x64.ActiveCfg = Release|x64
		{6442CAB8-8F5D-465F-AE4A-42A58A92D663}.Release|x64.Build.0 = Release|x64
		{7AC674B0-A38B-497C-A8EB-1053B489B6F0}.Debug|Any CPU.ActiveCfg = Debug|x64
		{7AC674B0-A38B-497C-A8EB-1053B489B6F0}.Debug|Any CPU.Build.0 = Debug|x64
		{7AC674B0-A38B-497C-A8EB-1053B489B6F0}.Debug|x64.ActiveCfg = Debug|x64
		{7AC674B0-A38B-497C-A8EB-1053B489B6F0}.Debug|x64.Build.0 = Debug|x64
		{7AC674B0-A38B-497C-A8EB-1053B489B6F0}.Release|Any CPU.ActiveCfg = Release|x64
		{7AC674B0-A38B-497C-A8EB-1053B489B6F0}.Release|Any CPU.Build.0 = Release|x64
		{7AC674B0-A38B-497C-A8EB-1053B489B6F0}.Release|x64.ActiveCfg = Release|x64
		{7AC674B0-A38B-497C-A8EB-1053B489B6F0}.Release|x64.Build.0 = Release|x64
		{12AE0A61-6DAB-4D39-9B38-98A86B80F794}.Debug|Any CPU.ActiveCfg = Debug|x64
		{12AE0A61-6DAB-4D39-9B38-98A86B80F794}.Debug|Any CPU.Build.0 = Debug|x64
		{12AE0A61-6DAB-4D39-9B38-98A86B80F794}.Debug|x64.ActiveCfg = Debug|x64
		{12AE0A61-6DAB-4D39-9B38-98A86B80F794}.Debug|x64.Build.0 = Debug|x64
		{12AE0A61-6DAB-4D39-9B38-98A86B80F794}.Release|Any CPU.ActiveCfg = Release|x64
		{12AE0A61-6DAB-4D39-9B38-98A86B80F794}.Release|Any CPU.Build.0 = Release|x64
		{12AE0A61-6DAB-4D39-9B38-98A86B80F794}.Release|x64.ActiveCfg = Release|x64
		{12AE0A61-6DAB-4D39-9B38-98A86B80F794}.Release|x64.Build.0 = Release|x64
		{1C813E65-1C83-404E-A152-D2755BFF3684}.Debug|Any CPU.ActiveCfg = Debug|Any CPU
		{1C813E65-1C83-404E-A152-D2755BFF3684}.Debug|Any CPU.Build.0 = Debug|Any CPU
		{1C813E65-1C83-404E-A152-D2755BFF3684}.Debug|x64.ActiveCfg = Debug|Any CPU
		{1C813E65-1C83-404E-A152-D2755BFF3684}.Debug|x64.Build.0 = Debug|Any CPU
		{1C813E65-1C83-404E-A152-D2755BFF3684}.Release|Any CPU.ActiveCfg = Release|Any CPU
		{1C813E65-1C83-404E-A152-D2755BFF3684}.Release|Any CPU.Build.0 = Release|Any CPU
		{1C813E65-1C83-404E-A152-D2755BFF3684}.Release|x64.ActiveCfg = Release|Any CPU
		{1C813E65-1C83-404E-A152-D2755BFF3684}.Release|x64.Build.0 = Release|Any CPU
		{A02DF81C-094E-4299-8603-119B2D90A719}.Debug|Any CPU.ActiveCfg = Debug|x64
		{A02DF81C-094E-4299-8603-119B2D90A719}.Debug|Any CPU.Build.0 = Debug|x64
		{A02DF81C-094E-4299-8603-119B2D90A719}.Debug|x64.ActiveCfg = Debug|x64
		{A02DF81C-094E-4299-8603-119B2D90A719}.Debug|x64.Build.0 = Debug|x64
		{A02DF81C-094E-4299-8603-119B2D90A719}.Release|Any CPU.ActiveCfg = Release|x64
		{A02DF81C-094E-4299-8603-119B2D90A719}.Release|Any CPU.Build.0 = Release|x64
		{A02DF81C-094E-4299-8603-119B2D90A719}.Release|x64.ActiveCfg = Release|x64
		{A02DF81C-094E-4299-8603-119B2D90A719}.Release|x64.Build.0 = Release|x64
		{9CFEA100-7A9E-464A-AE40-04AEA7BCD4DB}.Debug|Any CPU.ActiveCfg = Debug|x64
		{9CFEA100-7A9E-464A-AE40-04AEA7BCD4DB}.Debug|Any CPU.Build.0 = Debug|x64
		{9CFEA100-7A9E-464A-AE40-04AEA7BCD4DB}.Debug|x64.ActiveCfg = Debug|x64
		{9CFEA100-7A9E-464A-AE40-04AEA7BCD4DB}.Debug|x64.Build.0 = Debug|x64
		{9CFEA100-7A9E-464A-AE40-04AEA7BCD4DB}.Release|Any CPU.ActiveCfg = Release|x64
		{9CFEA100-7A9E-464A-AE40-04AEA7BCD4DB}.Release|Any CPU.Build.0 = Release|x64
		{9CFEA100-7A9E-464A-AE40-04AEA7BCD4DB}.Release|x64.ActiveCfg = Release|x64
		{9CFEA100-7A9E-464A-AE40-04AEA7BCD4DB}.Release|x64.Build.0 = Release|x64
		{62E82A08-A5CA-4992-AB7D-E2DFCEE431C1}.Debug|Any CPU.ActiveCfg = Debug|x64
		{62E82A08-A5CA-4992-AB7D-E2DFCEE431C1}.Debug|Any CPU.Build.0 = Debug|x64
		{62E82A08-A5CA-4992-AB7D-E2DFCEE431C1}.Debug|x64.ActiveCfg = Debug|x64
		{62E82A08-A5CA-4992-AB7D-E2DFCEE431C1}.Debug|x64.Build.0 = Debug|x64
		{62E82A08-A5CA-4992-AB7D-E2DFCEE431C1}.Release|Any CPU.ActiveCfg = Release|x64
		{62E82A08-A5CA-4992-AB7D-E2DFCEE431C1}.Release|Any CPU.Build.0 = Release|x64
		{62E82A08-A5CA-4992-AB7D-E2DFCEE431C1}.Release|x64.ActiveCfg = Release|x64
		{62E82A08-A5CA-4992-AB7D-E2DFCEE431C1}.Release|x64.Build.0 = Release|x64
		{E0870280-163C-49F5-86C6-22EB7F58E8F9}.Debug|Any CPU.ActiveCfg = Debug|Any CPU
		{E0870280-163C-49F5-86C6-22EB7F58E8F9}.Debug|Any CPU.Build.0 = Debug|Any CPU
		{E0870280-163C-49F5-86C6-22EB7F58E8F9}.Debug|x64.ActiveCfg = Debug|Any CPU
		{E0870280-163C-49F5-86C6-22EB7F58E8F9}.Debug|x64.Build.0 = Debug|Any CPU
		{E0870280-163C-49F5-86C6-22EB7F58E8F9}.Release|Any CPU.ActiveCfg = Release|Any CPU
		{E0870280-163C-49F5-86C6-22EB7F58E8F9}.Release|Any CPU.Build.0 = Release|Any CPU
		{E0870280-163C-49F5-86C6-22EB7F58E8F9}.Release|x64.ActiveCfg = Release|Any CPU
		{E0870280-163C-49F5-86C6-22EB7F58E8F9}.Release|x64.Build.0 = Release|Any CPU
		{0228245F-7782-431F-916B-C6131BA009BA}.Debug|Any CPU.ActiveCfg = Debug|x64
		{0228245F-7782-431F-916B-C6131BA009BA}.Debug|Any CPU.Build.0 = Debug|x64
		{0228245F-7782-431F-916B-C6131BA009BA}.Debug|x64.ActiveCfg = Debug|x64
		{0228245F-7782-431F-916B-C6131BA009BA}.Debug|x64.Build.0 = Debug|x64
		{0228245F-7782-431F-916B-C6131BA009BA}.Release|Any CPU.ActiveCfg = Release|x64
		{0228245F-7782-431F-916B-C6131BA009BA}.Release|Any CPU.Build.0 = Release|x64
		{0228245F-7782-431F-916B-C6131BA009BA}.Release|x64.ActiveCfg = Release|x64
		{0228245F-7782-431F-916B-C6131BA009BA}.Release|x64.Build.0 = Release|x64
		{A18AA125-4E19-4AC8-8D51-132CCDDD37A0}.Debug|Any CPU.ActiveCfg = Debug|Any CPU
		{A18AA125-4E19-4AC8-8D51-132CCDDD37A0}.Debug|Any CPU.Build.0 = Debug|Any CPU
		{A18AA125-4E19-4AC8-8D51-132CCDDD37A0}.Debug|x64.ActiveCfg = Debug|Any CPU
		{A18AA125-4E19-4AC8-8D51-132CCDDD37A0}.Debug|x64.Build.0 = Debug|Any CPU
		{A18AA125-4E19-4AC8-8D51-132CCDDD37A0}.Release|Any CPU.ActiveCfg = Release|Any CPU
		{A18AA125-4E19-4AC8-8D51-132CCDDD37A0}.Release|Any CPU.Build.0 = Release|Any CPU
		{A18AA125-4E19-4AC8-8D51-132CCDDD37A0}.Release|x64.ActiveCfg = Release|Any CPU
		{A18AA125-4E19-4AC8-8D51-132CCDDD37A0}.Release|x64.Build.0 = Release|Any CPU
		{E47F18F4-28AE-4DE6-8330-739D9A5D47E7}.Debug|Any CPU.ActiveCfg = Debug|x64
		{E47F18F4-28AE-4DE6-8330-739D9A5D47E7}.Debug|Any CPU.Build.0 = Debug|x64
		{E47F18F4-28AE-4DE6-8330-739D9A5D47E7}.Debug|x64.ActiveCfg = Debug|x64
		{E47F18F4-28AE-4DE6-8330-739D9A5D47E7}.Debug|x64.Build.0 = Debug|x64
		{E47F18F4-28AE-4DE6-8330-739D9A5D47E7}.Release|Any CPU.ActiveCfg = Release|x64
		{E47F18F4-28AE-4DE6-8330-739D9A5D47E7}.Release|Any CPU.Build.0 = Release|x64
		{E47F18F4-28AE-4DE6-8330-739D9A5D47E7}.Release|x64.ActiveCfg = Release|x64
		{E47F18F4-28AE-4DE6-8330-739D9A5D47E7}.Release|x64.Build.0 = Release|x64
		{8E449F96-627F-4F23-998E-6678A504FF51}.Debug|Any CPU.ActiveCfg = Debug|Any CPU
		{8E449F96-627F-4F23-998E-6678A504FF51}.Debug|Any CPU.Build.0 = Debug|Any CPU
		{8E449F96-627F-4F23-998E-6678A504FF51}.Debug|x64.ActiveCfg = Debug|Any CPU
		{8E449F96-627F-4F23-998E-6678A504FF51}.Debug|x64.Build.0 = Debug|Any CPU
		{8E449F96-627F-4F23-998E-6678A504FF51}.Release|Any CPU.ActiveCfg = Release|Any CPU
		{8E449F96-627F-4F23-998E-6678A504FF51}.Release|Any CPU.Build.0 = Release|Any CPU
		{8E449F96-627F-4F23-998E-6678A504FF51}.Release|x64.ActiveCfg = Release|Any CPU
		{8E449F96-627F-4F23-998E-6678A504FF51}.Release|x64.Build.0 = Release|Any CPU
		{7167003A-9075-4DE1-8377-6BC9969AB732}.Debug|Any CPU.ActiveCfg = Debug|Any CPU
		{7167003A-9075-4DE1-8377-6BC9969AB732}.Debug|Any CPU.Build.0 = Debug|Any CPU
		{7167003A-9075-4DE1-8377-6BC9969AB732}.Debug|x64.ActiveCfg = Debug|Any CPU
		{7167003A-9075-4DE1-8377-6BC9969AB732}.Debug|x64.Build.0 = Debug|Any CPU
		{7167003A-9075-4DE1-8377-6BC9969AB732}.Release|Any CPU.ActiveCfg = Release|Any CPU
		{7167003A-9075-4DE1-8377-6BC9969AB732}.Release|Any CPU.Build.0 = Release|Any CPU
		{7167003A-9075-4DE1-8377-6BC9969AB732}.Release|x64.ActiveCfg = Release|Any CPU
		{7167003A-9075-4DE1-8377-6BC9969AB732}.Release|x64.Build.0 = Release|Any CPU
		{902F9D9C-911D-4E17-89AC-757CDDF849E4}.Debug|Any CPU.ActiveCfg = Debug|x64
		{902F9D9C-911D-4E17-89AC-757CDDF849E4}.Debug|Any CPU.Build.0 = Debug|x64
		{902F9D9C-911D-4E17-89AC-757CDDF849E4}.Debug|x64.ActiveCfg = Debug|x64
		{902F9D9C-911D-4E17-89AC-757CDDF849E4}.Debug|x64.Build.0 = Debug|x64
		{902F9D9C-911D-4E17-89AC-757CDDF849E4}.Release|Any CPU.ActiveCfg = Release|x64
		{902F9D9C-911D-4E17-89AC-757CDDF849E4}.Release|Any CPU.Build.0 = Release|x64
		{902F9D9C-911D-4E17-89AC-757CDDF849E4}.Release|x64.ActiveCfg = Release|x64
		{902F9D9C-911D-4E17-89AC-757CDDF849E4}.Release|x64.Build.0 = Release|x64
		{940964D7-5DEC-4269-8A21-29B87D92B89A}.Debug|Any CPU.ActiveCfg = Debug|Any CPU
		{940964D7-5DEC-4269-8A21-29B87D92B89A}.Debug|Any CPU.Build.0 = Debug|Any CPU
		{940964D7-5DEC-4269-8A21-29B87D92B89A}.Debug|x64.ActiveCfg = Debug|Any CPU
		{940964D7-5DEC-4269-8A21-29B87D92B89A}.Debug|x64.Build.0 = Debug|Any CPU
		{940964D7-5DEC-4269-8A21-29B87D92B89A}.Release|Any CPU.ActiveCfg = Release|Any CPU
		{940964D7-5DEC-4269-8A21-29B87D92B89A}.Release|Any CPU.Build.0 = Release|Any CPU
		{940964D7-5DEC-4269-8A21-29B87D92B89A}.Release|x64.ActiveCfg = Release|Any CPU
		{940964D7-5DEC-4269-8A21-29B87D92B89A}.Release|x64.Build.0 = Release|Any CPU
		{08927F9A-DDEE-4917-8F47-491264FD2A4C}.Debug|Any CPU.ActiveCfg = Debug|Any CPU
		{08927F9A-DDEE-4917-8F47-491264FD2A4C}.Debug|Any CPU.Build.0 = Debug|Any CPU
		{08927F9A-DDEE-4917-8F47-491264FD2A4C}.Debug|x64.ActiveCfg = Debug|Any CPU
		{08927F9A-DDEE-4917-8F47-491264FD2A4C}.Debug|x64.Build.0 = Debug|Any CPU
		{08927F9A-DDEE-4917-8F47-491264FD2A4C}.Release|Any CPU.ActiveCfg = Release|Any CPU
		{08927F9A-DDEE-4917-8F47-491264FD2A4C}.Release|Any CPU.Build.0 = Release|Any CPU
		{08927F9A-DDEE-4917-8F47-491264FD2A4C}.Release|x64.ActiveCfg = Release|Any CPU
		{08927F9A-DDEE-4917-8F47-491264FD2A4C}.Release|x64.Build.0 = Release|Any CPU
		{F8250223-DAEF-456B-98E3-4F6DABEC8382}.Debug|Any CPU.ActiveCfg = Debug|x64
		{F8250223-DAEF-456B-98E3-4F6DABEC8382}.Debug|Any CPU.Build.0 = Debug|x64
		{F8250223-DAEF-456B-98E3-4F6DABEC8382}.Debug|x64.ActiveCfg = Debug|x64
		{F8250223-DAEF-456B-98E3-4F6DABEC8382}.Debug|x64.Build.0 = Debug|x64
		{F8250223-DAEF-456B-98E3-4F6DABEC8382}.Release|Any CPU.ActiveCfg = Release|x64
		{F8250223-DAEF-456B-98E3-4F6DABEC8382}.Release|Any CPU.Build.0 = Release|x64
		{F8250223-DAEF-456B-98E3-4F6DABEC8382}.Release|x64.ActiveCfg = Release|x64
		{F8250223-DAEF-456B-98E3-4F6DABEC8382}.Release|x64.Build.0 = Release|x64
		{AC6A0F04-EBCF-4AB7-B33F-C0C8B8E911F1}.Debug|Any CPU.ActiveCfg = Debug|Any CPU
		{AC6A0F04-EBCF-4AB7-B33F-C0C8B8E911F1}.Debug|Any CPU.Build.0 = Debug|Any CPU
		{AC6A0F04-EBCF-4AB7-B33F-C0C8B8E911F1}.Debug|x64.ActiveCfg = Debug|Any CPU
		{AC6A0F04-EBCF-4AB7-B33F-C0C8B8E911F1}.Debug|x64.Build.0 = Debug|Any CPU
		{AC6A0F04-EBCF-4AB7-B33F-C0C8B8E911F1}.Release|Any CPU.ActiveCfg = Release|Any CPU
		{AC6A0F04-EBCF-4AB7-B33F-C0C8B8E911F1}.Release|Any CPU.Build.0 = Release|Any CPU
		{AC6A0F04-EBCF-4AB7-B33F-C0C8B8E911F1}.Release|x64.ActiveCfg = Release|Any CPU
		{AC6A0F04-EBCF-4AB7-B33F-C0C8B8E911F1}.Release|x64.Build.0 = Release|Any CPU
		{D1C75428-3309-4181-B317-9DC3409C246D}.Debug|Any CPU.ActiveCfg = Debug|x64
		{D1C75428-3309-4181-B317-9DC3409C246D}.Debug|Any CPU.Build.0 = Debug|x64
		{D1C75428-3309-4181-B317-9DC3409C246D}.Debug|x64.ActiveCfg = Debug|x64
		{D1C75428-3309-4181-B317-9DC3409C246D}.Debug|x64.Build.0 = Debug|x64
		{D1C75428-3309-4181-B317-9DC3409C246D}.Release|Any CPU.ActiveCfg = Release|x64
		{D1C75428-3309-4181-B317-9DC3409C246D}.Release|Any CPU.Build.0 = Release|x64
		{D1C75428-3309-4181-B317-9DC3409C246D}.Release|x64.ActiveCfg = Release|x64
		{D1C75428-3309-4181-B317-9DC3409C246D}.Release|x64.Build.0 = Release|x64
		{39091302-4BB1-41C5-BF21-F93FF21D7240}.Debug|Any CPU.ActiveCfg = Debug|Any CPU
		{39091302-4BB1-41C5-BF21-F93FF21D7240}.Debug|Any CPU.Build.0 = Debug|Any CPU
		{39091302-4BB1-41C5-BF21-F93FF21D7240}.Debug|x64.ActiveCfg = Debug|Any CPU
		{39091302-4BB1-41C5-BF21-F93FF21D7240}.Debug|x64.Build.0 = Debug|Any CPU
		{39091302-4BB1-41C5-BF21-F93FF21D7240}.Release|Any CPU.ActiveCfg = Release|Any CPU
		{39091302-4BB1-41C5-BF21-F93FF21D7240}.Release|Any CPU.Build.0 = Release|Any CPU
		{39091302-4BB1-41C5-BF21-F93FF21D7240}.Release|x64.ActiveCfg = Release|Any CPU
		{39091302-4BB1-41C5-BF21-F93FF21D7240}.Release|x64.Build.0 = Release|Any CPU
		{142F3D0E-6CC3-4506-B45F-648A86D556F4}.Debug|Any CPU.ActiveCfg = Debug|x64
		{142F3D0E-6CC3-4506-B45F-648A86D556F4}.Debug|Any CPU.Build.0 = Debug|x64
		{142F3D0E-6CC3-4506-B45F-648A86D556F4}.Debug|x64.ActiveCfg = Debug|x64
		{142F3D0E-6CC3-4506-B45F-648A86D556F4}.Debug|x64.Build.0 = Debug|x64
		{142F3D0E-6CC3-4506-B45F-648A86D556F4}.Release|Any CPU.ActiveCfg = Release|x64
		{142F3D0E-6CC3-4506-B45F-648A86D556F4}.Release|Any CPU.Build.0 = Release|x64
		{142F3D0E-6CC3-4506-B45F-648A86D556F4}.Release|x64.ActiveCfg = Release|x64
		{142F3D0E-6CC3-4506-B45F-648A86D556F4}.Release|x64.Build.0 = Release|x64
		{FFD859DC-059A-459F-B0C4-3943CBEC325D}.Debug|Any CPU.ActiveCfg = Debug|x64
		{FFD859DC-059A-459F-B0C4-3943CBEC325D}.Debug|Any CPU.Build.0 = Debug|x64
		{FFD859DC-059A-459F-B0C4-3943CBEC325D}.Debug|x64.ActiveCfg = Debug|x64
		{FFD859DC-059A-459F-B0C4-3943CBEC325D}.Debug|x64.Build.0 = Debug|x64
		{FFD859DC-059A-459F-B0C4-3943CBEC325D}.Release|Any CPU.ActiveCfg = Release|x64
		{FFD859DC-059A-459F-B0C4-3943CBEC325D}.Release|Any CPU.Build.0 = Release|x64
		{FFD859DC-059A-459F-B0C4-3943CBEC325D}.Release|x64.ActiveCfg = Release|x64
		{FFD859DC-059A-459F-B0C4-3943CBEC325D}.Release|x64.Build.0 = Release|x64
		{E207398B-E21C-439C-935D-C00D3A6C42E5}.Debug|Any CPU.ActiveCfg = Debug|Any CPU
		{E207398B-E21C-439C-935D-C00D3A6C42E5}.Debug|Any CPU.Build.0 = Debug|Any CPU
		{E207398B-E21C-439C-935D-C00D3A6C42E5}.Debug|x64.ActiveCfg = Debug|Any CPU
		{E207398B-E21C-439C-935D-C00D3A6C42E5}.Debug|x64.Build.0 = Debug|Any CPU
		{E207398B-E21C-439C-935D-C00D3A6C42E5}.Release|Any CPU.ActiveCfg = Release|Any CPU
		{E207398B-E21C-439C-935D-C00D3A6C42E5}.Release|Any CPU.Build.0 = Release|Any CPU
		{E207398B-E21C-439C-935D-C00D3A6C42E5}.Release|x64.ActiveCfg = Release|Any CPU
		{E207398B-E21C-439C-935D-C00D3A6C42E5}.Release|x64.Build.0 = Release|Any CPU
		{31FCAA70-8CE7-4B19-8D97-892D473A3800}.Debug|Any CPU.ActiveCfg = Debug|Any CPU
		{31FCAA70-8CE7-4B19-8D97-892D473A3800}.Debug|Any CPU.Build.0 = Debug|Any CPU
		{31FCAA70-8CE7-4B19-8D97-892D473A3800}.Debug|x64.ActiveCfg = Debug|Any CPU
		{31FCAA70-8CE7-4B19-8D97-892D473A3800}.Debug|x64.Build.0 = Debug|Any CPU
		{31FCAA70-8CE7-4B19-8D97-892D473A3800}.Release|Any CPU.ActiveCfg = Release|Any CPU
		{31FCAA70-8CE7-4B19-8D97-892D473A3800}.Release|Any CPU.Build.0 = Release|Any CPU
		{31FCAA70-8CE7-4B19-8D97-892D473A3800}.Release|x64.ActiveCfg = Release|Any CPU
		{31FCAA70-8CE7-4B19-8D97-892D473A3800}.Release|x64.Build.0 = Release|Any CPU
		{B875F866-994D-4F6D-8437-A9BD9332A826}.Debug|Any CPU.ActiveCfg = Debug|Any CPU
		{B875F866-994D-4F6D-8437-A9BD9332A826}.Debug|Any CPU.Build.0 = Debug|Any CPU
		{B875F866-994D-4F6D-8437-A9BD9332A826}.Debug|x64.ActiveCfg = Debug|Any CPU
		{B875F866-994D-4F6D-8437-A9BD9332A826}.Debug|x64.Build.0 = Debug|Any CPU
		{B875F866-994D-4F6D-8437-A9BD9332A826}.Release|Any CPU.ActiveCfg = Release|Any CPU
		{B875F866-994D-4F6D-8437-A9BD9332A826}.Release|Any CPU.Build.0 = Release|Any CPU
		{B875F866-994D-4F6D-8437-A9BD9332A826}.Release|x64.ActiveCfg = Release|Any CPU
		{B875F866-994D-4F6D-8437-A9BD9332A826}.Release|x64.Build.0 = Release|Any CPU
		{B4344C90-BDAE-425E-8045-3D8DB504B193}.Debug|Any CPU.ActiveCfg = Debug|x64
		{B4344C90-BDAE-425E-8045-3D8DB504B193}.Debug|Any CPU.Build.0 = Debug|x64
		{B4344C90-BDAE-425E-8045-3D8DB504B193}.Debug|x64.ActiveCfg = Debug|x64
		{B4344C90-BDAE-425E-8045-3D8DB504B193}.Debug|x64.Build.0 = Debug|x64
		{B4344C90-BDAE-425E-8045-3D8DB504B193}.Release|Any CPU.ActiveCfg = Release|x64
		{B4344C90-BDAE-425E-8045-3D8DB504B193}.Release|Any CPU.Build.0 = Release|x64
		{B4344C90-BDAE-425E-8045-3D8DB504B193}.Release|x64.ActiveCfg = Release|x64
		{B4344C90-BDAE-425E-8045-3D8DB504B193}.Release|x64.Build.0 = Release|x64
		{B34E6FB4-31E4-413C-9CCD-62C8CB559269}.Debug|Any CPU.ActiveCfg = Debug|Any CPU
		{B34E6FB4-31E4-413C-9CCD-62C8CB559269}.Debug|Any CPU.Build.0 = Debug|Any CPU
		{B34E6FB4-31E4-413C-9CCD-62C8CB559269}.Debug|x64.ActiveCfg = Debug|Any CPU
		{B34E6FB4-31E4-413C-9CCD-62C8CB559269}.Debug|x64.Build.0 = Debug|Any CPU
		{B34E6FB4-31E4-413C-9CCD-62C8CB559269}.Release|Any CPU.ActiveCfg = Release|Any CPU
		{B34E6FB4-31E4-413C-9CCD-62C8CB559269}.Release|Any CPU.Build.0 = Release|Any CPU
		{B34E6FB4-31E4-413C-9CCD-62C8CB559269}.Release|x64.ActiveCfg = Release|Any CPU
		{B34E6FB4-31E4-413C-9CCD-62C8CB559269}.Release|x64.Build.0 = Release|Any CPU
		{3F2E67E2-4985-4138-A6AD-7B2736E22001}.Debug|Any CPU.ActiveCfg = Debug|x64
		{3F2E67E2-4985-4138-A6AD-7B2736E22001}.Debug|Any CPU.Build.0 = Debug|x64
		{3F2E67E2-4985-4138-A6AD-7B2736E22001}.Debug|x64.ActiveCfg = Debug|x64
		{3F2E67E2-4985-4138-A6AD-7B2736E22001}.Debug|x64.Build.0 = Debug|x64
		{3F2E67E2-4985-4138-A6AD-7B2736E22001}.Release|Any CPU.ActiveCfg = Release|x64
		{3F2E67E2-4985-4138-A6AD-7B2736E22001}.Release|Any CPU.Build.0 = Release|x64
		{3F2E67E2-4985-4138-A6AD-7B2736E22001}.Release|x64.ActiveCfg = Release|x64
		{3F2E67E2-4985-4138-A6AD-7B2736E22001}.Release|x64.Build.0 = Release|x64
		{54A6CCE9-92FF-41D6-867A-D527BD021128}.Debug|Any CPU.ActiveCfg = Debug|Any CPU
		{54A6CCE9-92FF-41D6-867A-D527BD021128}.Debug|Any CPU.Build.0 = Debug|Any CPU
		{54A6CCE9-92FF-41D6-867A-D527BD021128}.Debug|x64.ActiveCfg = Debug|Any CPU
		{54A6CCE9-92FF-41D6-867A-D527BD021128}.Debug|x64.Build.0 = Debug|Any CPU
		{54A6CCE9-92FF-41D6-867A-D527BD021128}.Release|Any CPU.ActiveCfg = Release|Any CPU
		{54A6CCE9-92FF-41D6-867A-D527BD021128}.Release|Any CPU.Build.0 = Release|Any CPU
		{54A6CCE9-92FF-41D6-867A-D527BD021128}.Release|x64.ActiveCfg = Release|Any CPU
		{54A6CCE9-92FF-41D6-867A-D527BD021128}.Release|x64.Build.0 = Release|Any CPU
		{8CF59239-4949-4B00-B9EA-BF546667F756}.Debug|Any CPU.ActiveCfg = Debug|Any CPU
		{8CF59239-4949-4B00-B9EA-BF546667F756}.Debug|Any CPU.Build.0 = Debug|Any CPU
		{8CF59239-4949-4B00-B9EA-BF546667F756}.Debug|x64.ActiveCfg = Debug|Any CPU
		{8CF59239-4949-4B00-B9EA-BF546667F756}.Debug|x64.Build.0 = Debug|Any CPU
		{8CF59239-4949-4B00-B9EA-BF546667F756}.Release|Any CPU.ActiveCfg = Release|Any CPU
		{8CF59239-4949-4B00-B9EA-BF546667F756}.Release|Any CPU.Build.0 = Release|Any CPU
		{8CF59239-4949-4B00-B9EA-BF546667F756}.Release|x64.ActiveCfg = Release|Any CPU
		{8CF59239-4949-4B00-B9EA-BF546667F756}.Release|x64.Build.0 = Release|Any CPU
		{59CFD6EC-5F9D-4A03-9868-4F9C365477F0}.Debug|Any CPU.ActiveCfg = Debug|Any CPU
		{59CFD6EC-5F9D-4A03-9868-4F9C365477F0}.Debug|Any CPU.Build.0 = Debug|Any CPU
		{59CFD6EC-5F9D-4A03-9868-4F9C365477F0}.Debug|x64.ActiveCfg = Debug|x64
		{59CFD6EC-5F9D-4A03-9868-4F9C365477F0}.Debug|x64.Build.0 = Debug|x64
		{59CFD6EC-5F9D-4A03-9868-4F9C365477F0}.Release|Any CPU.ActiveCfg = Release|Any CPU
		{59CFD6EC-5F9D-4A03-9868-4F9C365477F0}.Release|Any CPU.Build.0 = Release|Any CPU
		{59CFD6EC-5F9D-4A03-9868-4F9C365477F0}.Release|x64.ActiveCfg = Release|x64
		{59CFD6EC-5F9D-4A03-9868-4F9C365477F0}.Release|x64.Build.0 = Release|x64
	EndGlobalSection
	GlobalSection(SolutionProperties) = preSolution
		HideSolutionNode = FALSE
	EndGlobalSection
	GlobalSection(NestedProjects) = preSolution
		{7EBFD9C2-68D5-48B9-B101-B5260DCAEC78} = {66C85CA6-B5A8-43A8-BD9A-DFF62604098C}
		{7EFBDEF8-306D-49D7-BBFB-F41995AED2F8} = {01A4DAE6-A3F5-4D41-BAEB-FDE9EBB94180}
		{60C87E1C-841D-439D-BB52-EF41B3FE8E5F} = {A012D70C-CFF5-4A33-88DE-6A6C9DA1CF62}
		{60D98B51-220E-40D7-902E-3D2ECED52797} = {DCCDFC3D-3285-458D-B711-8B614918BE88}
		{0E25B21E-2BAE-41AB-A9B7-1ABC28A9AE93} = {DCCDFC3D-3285-458D-B711-8B614918BE88}
		{8A3D399A-126B-428D-87CE-3EFA41145764} = {DCCDFC3D-3285-458D-B711-8B614918BE88}
		{86873757-FF9E-4248-AA1D-416479377425} = {DCCDFC3D-3285-458D-B711-8B614918BE88}
		{D4725703-F3D5-4DCB-BDBD-E13CC1D41758} = {DCCDFC3D-3285-458D-B711-8B614918BE88}
		{4F34C6F3-BFE9-4226-BFA5-60B0B7F89E2C} = {DCCDFC3D-3285-458D-B711-8B614918BE88}
		{A092B2E6-81A0-47F6-8C39-EE485E67F8F8} = {B9B4AE17-8160-4FFB-A28F-1FCC5BB5B438}
		{7CDD1932-0788-4390-AF20-A53E814D39D2} = {B9B4AE17-8160-4FFB-A28F-1FCC5BB5B438}
		{447D957B-A8B3-49B9-A4A8-09F127CB249F} = {01A4DAE6-A3F5-4D41-BAEB-FDE9EBB94180}
		{8F0467F9-A9B7-40DC-BC32-ABA4EE57BA18} = {01A4DAE6-A3F5-4D41-BAEB-FDE9EBB94180}
		{AE51EBC3-5297-489A-874C-CC156C7D586A} = {A03F6C7A-A233-408C-AF13-84D99EA997C2}
		{CCB56584-4FA3-479C-BF46-98B5CDC336B8} = {01A4DAE6-A3F5-4D41-BAEB-FDE9EBB94180}
		{C17C62AF-6841-48C3-BEA4-2B249371C78D} = {CDB8179D-EC8A-4B77-9788-529F217E83A6}
		{203C0320-DD54-45E0-BC80-F5FD78178487} = {66C85CA6-B5A8-43A8-BD9A-DFF62604098C}
		{F40B1C87-0D2F-4B06-AC45-E8DBF26D4B30} = {01A4DAE6-A3F5-4D41-BAEB-FDE9EBB94180}
		{696D540A-B209-451A-B6A8-40FBCF6DBB37} = {01A4DAE6-A3F5-4D41-BAEB-FDE9EBB94180}
		{A7C156DF-02EA-456C-87AA-26E8BBFD3F22} = {01A4DAE6-A3F5-4D41-BAEB-FDE9EBB94180}
		{E4FD28E9-D398-4596-BFCD-F6835A3362D1} = {01A4DAE6-A3F5-4D41-BAEB-FDE9EBB94180}
		{A9A712EB-9BE2-46ED-8CD6-890E8D84714B} = {01A4DAE6-A3F5-4D41-BAEB-FDE9EBB94180}
		{46F1A2F8-4FB6-4129-8C1B-FC63E934D6FD} = {01A4DAE6-A3F5-4D41-BAEB-FDE9EBB94180}
		{BEAD4E19-5D2E-4DA0-9BC0-3E0B64E2753D} = {01A4DAE6-A3F5-4D41-BAEB-FDE9EBB94180}
		{5E7E1FA2-4343-476D-BC8F-83FB69C060FC} = {6E23A9FB-DF77-4EF2-8A94-77B9ADC1D239}
		{C8D8A8A8-C0A6-4B80-8D6A-56482B8D2425} = {6E23A9FB-DF77-4EF2-8A94-77B9ADC1D239}
		{CE96BE7A-7B1E-4D92-B09C-A0DD28D4D5A9} = {6E23A9FB-DF77-4EF2-8A94-77B9ADC1D239}
		{4FA408A4-6E39-4604-BC1A-6EA44171C2B9} = {B12EAB58-09D4-40CE-BAE1-01490C912EF6}
		{F897C652-9F13-486A-81E6-06C25AD358C7} = {B12EAB58-09D4-40CE-BAE1-01490C912EF6}
		{F17C93B5-B938-460B-96C5-FB3D5F8E8A60} = {B12EAB58-09D4-40CE-BAE1-01490C912EF6}
		{240814C5-AB2F-4F81-AAA9-BDA1E7027A81} = {CDB8179D-EC8A-4B77-9788-529F217E83A6}
		{FB3BC08E-2665-4E36-B4B1-94AC46C1397A} = {66C85CA6-B5A8-43A8-BD9A-DFF62604098C}
		{6442CAB8-8F5D-465F-AE4A-42A58A92D663} = {01A4DAE6-A3F5-4D41-BAEB-FDE9EBB94180}
		{7AC674B0-A38B-497C-A8EB-1053B489B6F0} = {B12EAB58-09D4-40CE-BAE1-01490C912EF6}
		{12AE0A61-6DAB-4D39-9B38-98A86B80F794} = {470F93B3-C519-4D9F-922A-BCB801CD72E5}
		{1C813E65-1C83-404E-A152-D2755BFF3684} = {66C85CA6-B5A8-43A8-BD9A-DFF62604098C}
		{A02DF81C-094E-4299-8603-119B2D90A719} = {A012D70C-CFF5-4A33-88DE-6A6C9DA1CF62}
		{9CFEA100-7A9E-464A-AE40-04AEA7BCD4DB} = {A012D70C-CFF5-4A33-88DE-6A6C9DA1CF62}
		{62E82A08-A5CA-4992-AB7D-E2DFCEE431C1} = {A012D70C-CFF5-4A33-88DE-6A6C9DA1CF62}
		{E0870280-163C-49F5-86C6-22EB7F58E8F9} = {66C85CA6-B5A8-43A8-BD9A-DFF62604098C}
		{0228245F-7782-431F-916B-C6131BA009BA} = {01A4DAE6-A3F5-4D41-BAEB-FDE9EBB94180}
		{A18AA125-4E19-4AC8-8D51-132CCDDD37A0} = {66C85CA6-B5A8-43A8-BD9A-DFF62604098C}
		{E47F18F4-28AE-4DE6-8330-739D9A5D47E7} = {01A4DAE6-A3F5-4D41-BAEB-FDE9EBB94180}
		{8E449F96-627F-4F23-998E-6678A504FF51} = {DCCDFC3D-3285-458D-B711-8B614918BE88}
		{7167003A-9075-4DE1-8377-6BC9969AB732} = {DCCDFC3D-3285-458D-B711-8B614918BE88}
		{902F9D9C-911D-4E17-89AC-757CDDF849E4} = {01A4DAE6-A3F5-4D41-BAEB-FDE9EBB94180}
		{940964D7-5DEC-4269-8A21-29B87D92B89A} = {DCCDFC3D-3285-458D-B711-8B614918BE88}
		{08927F9A-DDEE-4917-8F47-491264FD2A4C} = {DCCDFC3D-3285-458D-B711-8B614918BE88}
		{F8250223-DAEF-456B-98E3-4F6DABEC8382} = {01A4DAE6-A3F5-4D41-BAEB-FDE9EBB94180}
		{AC6A0F04-EBCF-4AB7-B33F-C0C8B8E911F1} = {66C85CA6-B5A8-43A8-BD9A-DFF62604098C}
		{D1C75428-3309-4181-B317-9DC3409C246D} = {01A4DAE6-A3F5-4D41-BAEB-FDE9EBB94180}
		{39091302-4BB1-41C5-BF21-F93FF21D7240} = {66C85CA6-B5A8-43A8-BD9A-DFF62604098C}
		{142F3D0E-6CC3-4506-B45F-648A86D556F4} = {A012D70C-CFF5-4A33-88DE-6A6C9DA1CF62}
		{FFD859DC-059A-459F-B0C4-3943CBEC325D} = {01A4DAE6-A3F5-4D41-BAEB-FDE9EBB94180}
		{E207398B-E21C-439C-935D-C00D3A6C42E5} = {66C85CA6-B5A8-43A8-BD9A-DFF62604098C}
		{31FCAA70-8CE7-4B19-8D97-892D473A3800} = {66C85CA6-B5A8-43A8-BD9A-DFF62604098C}
		{B875F866-994D-4F6D-8437-A9BD9332A826} = {66C85CA6-B5A8-43A8-BD9A-DFF62604098C}
		{B4344C90-BDAE-425E-8045-3D8DB504B193} = {A012D70C-CFF5-4A33-88DE-6A6C9DA1CF62}
		{B34E6FB4-31E4-413C-9CCD-62C8CB559269} = {66C85CA6-B5A8-43A8-BD9A-DFF62604098C}
		{3F2E67E2-4985-4138-A6AD-7B2736E22001} = {01A4DAE6-A3F5-4D41-BAEB-FDE9EBB94180}
		{54A6CCE9-92FF-41D6-867A-D527BD021128} = {66C85CA6-B5A8-43A8-BD9A-DFF62604098C}
		{8CF59239-4949-4B00-B9EA-BF546667F756} = {66C85CA6-B5A8-43A8-BD9A-DFF62604098C}
		{59CFD6EC-5F9D-4A03-9868-4F9C365477F0} = {2E08BC4B-2300-443A-937C-CEBE8F7DCC6D}
	EndGlobalSection
	GlobalSection(ExtensibilityGlobals) = postSolution
		SolutionGuid = {7D2A8375-0236-4D91-A979-5D0F909830C2}
	EndGlobalSection
EndGlobal
