
Microsoft Visual Studio Solution File, Format Version 12.00
# Visual Studio Version 16
VisualStudioVersion = 16.0.31424.327
MinimumVisualStudioVersion = 10.0.40219.1
Project("{FAE04EC0-301F-11D3-BF4B-00C04F79EFBC}") = "LoadingAndSaving", "LoadingAndSaving.csproj", "{7EBFD9C2-68D5-48B9-B101-B5260DCAEC78}"
EndProject
Global
	GlobalSection(SolutionConfigurationPlatforms) = preSolution
		Debug|x64 = Debug|x64
		Debug|x86 = Debug|x86
		Release|x64 = Release|x64
		Release|x86 = Release|x86
	EndGlobalSection
	GlobalSection(ProjectConfigurationPlatforms) = postSolution
		{7EBFD9C2-68D5-48B9-B101-B5260DCAEC78}.Debug|x64.ActiveCfg = Debug|x64
		{7EBFD9C2-68D5-48B9-B101-B5260DCAEC78}.Debug|x64.Build.0 = Debug|x64
		{7EBFD9C2-68D5-48B9-B101-B5260DCAEC78}.Debug|x86.ActiveCfg = Debug|x86
		{7EBFD9C2-68D5-48B9-B101-B5260DCAEC78}.Debug|x86.Build.0 = Debug|x86
		{7EBFD9C2-68D5-48B9-B101-B5260DCAEC78}.Release|x64.ActiveCfg = Release|x64
		{7EBFD9C2-68D5-48B9-B101-B5260DCAEC78}.Release|x64.Build.0 = Release|x64
		{7EBFD9C2-68D5-48B9-B101-B5260DCAEC78}.Release|x86.ActiveCfg = Release|x86
		{7EBFD9C2-68D5-48B9-B101-B5260DCAEC78}.Release|x86.Build.0 = Release|x86
	EndGlobalSection
	GlobalSection(SolutionProperties) = preSolution
		HideSolutionNode = FALSE
	EndGlobalSection
	GlobalSection(ExtensibilityGlobals) = postSolution
		SolutionGuid = {7D2A8375-0236-4D91-A979-5D0F909830C2}
	EndGlobalSection
EndGlobal
