
Microsoft Visual Studio Solution File, Format Version 12.00
# Visual Studio Version 17
VisualStudioVersion = 17.2.32630.192
MinimumVisualStudioVersion = 10.0.40219.1
Project("{9A19103F-16F7-4668-BE54-9A1E7A4F7556}") = "ExtractEmailMetadata", "ExtractEmailMetadata.csproj", "{7AC674B0-A38B-497C-A8EB-1053B489B6F0}"
EndProject
Global
	GlobalSection(SolutionConfigurationPlatforms) = preSolution
		Debug|x64 = Debug|x64
		Release|x64 = Release|x64
	EndGlobalSection
	GlobalSection(ProjectConfigurationPlatforms) = postSolution
		{7AC674B0-A38B-497C-A8EB-1053B489B6F0}.Debug|x64.ActiveCfg = Debug|x64
		{7AC674B0-A38B-497C-A8EB-1053B489B6F0}.Debug|x64.Build.0 = Debug|x64
		{7AC674B0-A38B-497C-A8EB-1053B489B6F0}.Release|x64.ActiveCfg = Release|x64
		{7AC674B0-A38B-497C-A8EB-1053B489B6F0}.Release|x64.Build.0 = Release|x64
	EndGlobalSection
	GlobalSection(SolutionProperties) = preSolution
		HideSolutionNode = FALSE
	EndGlobalSection
	GlobalSection(ExtensibilityGlobals) = postSolution
		SolutionGuid = {9BF00C2F-2E21-4C86-9EAF-B57B4C70106A}
	EndGlobalSection
EndGlobal
