
Microsoft Visual Studio Solution File, Format Version 12.00
# Visual Studio Version 17
VisualStudioVersion = 17.3.32901.215
MinimumVisualStudioVersion = 10.0.40219.1
Project("{FAE04EC0-301F-11D3-BF4B-00C04F79EFBC}") = "CreateThumbnailImage", "CreateThumbnailImage.csproj", "{43052ADA-68D5-46E8-8577-A2F5E8996719}"
EndProject
Global
	GlobalSection(SolutionConfigurationPlatforms) = preSolution
		Debug|Any CPU = Debug|Any CPU
		Release|Any CPU = Release|Any CPU
	EndGlobalSection
	GlobalSection(ProjectConfigurationPlatforms) = postSolution
		{43052ADA-68D5-46E8-8577-A2F5E8996719}.Debug|Any CPU.ActiveCfg = Debug|Any CPU
		{43052ADA-68D5-46E8-8577-A2F5E8996719}.Debug|Any CPU.Build.0 = Debug|Any CPU
		{43052ADA-68D5-46E8-8577-A2F5E8996719}.Release|Any CPU.ActiveCfg = Release|Any CPU
		{43052ADA-68D5-46E8-8577-A2F5E8996719}.Release|Any CPU.Build.0 = Release|Any CPU
	EndGlobalSection
	GlobalSection(SolutionProperties) = preSolution
		HideSolutionNode = FALSE
	EndGlobalSection
	GlobalSection(ExtensibilityGlobals) = postSolution
		SolutionGuid = {F2657A21-E134-451A-8FCD-21C6977D3FD9}
	EndGlobalSection
EndGlobal
