
Microsoft Visual Studio Solution File, Format Version 12.00
# Visual Studio Version 17
VisualStudioVersion = 17.1.32319.34
MinimumVisualStudioVersion = 10.0.40219.1
Project("{9A19103F-16F7-4668-BE54-9A1E7A4F7556}") = "EqualizeContrastForRasterImage", "EqualizeContrastForRasterImage.csproj", "{D4725703-F3D5-4DCB-BDBD-E13CC1D41758}"
EndProject
Global
	GlobalSection(SolutionConfigurationPlatforms) = preSolution
		Debug|Any CPU = Debug|Any CPU
		Release|Any CPU = Release|Any CPU
	EndGlobalSection
	GlobalSection(ProjectConfigurationPlatforms) = postSolution
		{D4725703-F3D5-4DCB-BDBD-E13CC1D41758}.Debug|Any CPU.ActiveCfg = Debug|Any CPU
		{D4725703-F3D5-4DCB-BDBD-E13CC1D41758}.Debug|Any CPU.Build.0 = Debug|Any CPU
		{D4725703-F3D5-4DCB-BDBD-E13CC1D41758}.Release|Any CPU.ActiveCfg = Release|Any CPU
		{D4725703-F3D5-4DCB-BDBD-E13CC1D41758}.Release|Any CPU.Build.0 = Release|Any CPU
	EndGlobalSection
	GlobalSection(SolutionProperties) = preSolution
		HideSolutionNode = FALSE
	EndGlobalSection
	GlobalSection(ExtensibilityGlobals) = postSolution
		SolutionGuid = {A62256C3-222D-416F-952C-4DF480230A71}
	EndGlobalSection
EndGlobal
