
Microsoft Visual Studio Solution File, Format Version 12.00
# Visual Studio Version 17
VisualStudioVersion = 17.1.32319.34
MinimumVisualStudioVersion = 10.0.40219.1
Project("{9A19103F-16F7-4668-BE54-9A1E7A4F7556}") = "ReadPDFFormFields", "ReadPDFFormFields.csproj", "{8D738BDA-0D87-4152-9A6E-338F55C509B9}"
EndProject
Global
	GlobalSection(SolutionConfigurationPlatforms) = preSolution
		Debug|x64 = Debug|x64
		Release|x64 = Release|x64
	EndGlobalSection
	GlobalSection(ProjectConfigurationPlatforms) = postSolution
		{8D738BDA-0D87-4152-9A6E-338F55C509B9}.Debug|x64.ActiveCfg = Debug|x64
		{8D738BDA-0D87-4152-9A6E-338F55C509B9}.Debug|x64.Build.0 = Debug|x64
		{8D738BDA-0D87-4152-9A6E-338F55C509B9}.Release|x64.ActiveCfg = Release|x64
		{8D738BDA-0D87-4152-9A6E-338F55C509B9}.Release|x64.Build.0 = Release|x64
	EndGlobalSection
	GlobalSection(SolutionProperties) = preSolution
		HideSolutionNode = FALSE
	EndGlobalSection
	GlobalSection(ExtensibilityGlobals) = postSolution
		SolutionGuid = {53C52939-2845-450D-868F-B27FDA3DF9EB}
	EndGlobalSection
EndGlobal
