
Microsoft Visual Studio Solution File, Format Version 12.00
# Visual Studio Version 16
VisualStudioVersion = 16.0.31424.327
MinimumVisualStudioVersion = 10.0.40219.1
Project("{FAE04EC0-301F-11D3-BF4B-00C04F79EFBC}") = "SaveAllImagesOnPDFPage", "SaveAllImagesOnPDFPage.dotnet.csproj", "{46F1A2F8-4FB6-4129-8C1B-FC63E934D6FD}"
EndProject
Global
	GlobalSection(SolutionConfigurationPlatforms) = preSolution
		Debug|Any CPU = Debug|Any CPU
		Release|Any CPU = Release|Any CPU
	EndGlobalSection
	GlobalSection(ProjectConfigurationPlatforms) = postSolution
		{46F1A2F8-4FB6-4129-8C1B-FC63E934D6FD}.Debug|Any CPU.ActiveCfg = Debug|Any CPU
		{46F1A2F8-4FB6-4129-8C1B-FC63E934D6FD}.Debug|Any CPU.Build.0 = Debug|Any CPU
		{46F1A2F8-4FB6-4129-8C1B-FC63E934D6FD}.Release|Any CPU.ActiveCfg = Release|Any CPU
		{46F1A2F8-4FB6-4129-8C1B-FC63E934D6FD}.Release|Any CPU.Build.0 = Release|Any CPU
	EndGlobalSection
	GlobalSection(SolutionProperties) = preSolution
		HideSolutionNode = FALSE
	EndGlobalSection
	GlobalSection(ExtensibilityGlobals) = postSolution
		SolutionGuid = {55A5F7E1-E7C5-4236-9295-6C4864D2FB11}
	EndGlobalSection
EndGlobal
