
Microsoft Visual Studio Solution File, Format Version 12.00
# Visual Studio Version 17
VisualStudioVersion = 17.1.32319.34
MinimumVisualStudioVersion = 10.0.40219.1
Project("{9A19103F-16F7-4668-BE54-9A1E7A4F7556}") = "CompressUsingOptions", "CompressUsingOptions.csproj", "{1C813E65-1C83-404E-A152-D2755BFF3684}"
EndProject
Global
	GlobalSection(SolutionConfigurationPlatforms) = preSolution
		Debug|Any CPU = Debug|Any CPU
		Release|Any CPU = Release|Any CPU
	EndGlobalSection
	GlobalSection(ProjectConfigurationPlatforms) = postSolution
		{1C813E65-1C83-404E-A152-D2755BFF3684}.Debug|Any CPU.ActiveCfg = Debug|Any CPU
		{1C813E65-1C83-404E-A152-D2755BFF3684}.Debug|Any CPU.Build.0 = Debug|Any CPU
		{1C813E65-1C83-404E-A152-D2755BFF3684}.Release|Any CPU.ActiveCfg = Release|Any CPU
		{1C813E65-1C83-404E-A152-D2755BFF3684}.Release|Any CPU.Build.0 = Release|Any CPU
	EndGlobalSection
	GlobalSection(SolutionProperties) = preSolution
		HideSolutionNode = FALSE
	EndGlobalSection
	GlobalSection(ExtensibilityGlobals) = postSolution
		SolutionGuid = {EA838C42-D36B-418F-BA1F-C1C2068CCD6B}
	EndGlobalSection
EndGlobal
