
Microsoft Visual Studio Solution File, Format Version 12.00
# Visual Studio Version 16
VisualStudioVersion = 16.0.31410.357
MinimumVisualStudioVersion = 10.0.40219.1
Project("{FAE04EC0-301F-11D3-BF4B-00C04F79EFBC}") = "DespeckleAndDeskewRasterImage", "DespeckleAndDeskewRasterImage.dotnet.csproj", "{9CCAE715-A807-4F9E-8115-589882FF9847}"
EndProject
Global
	GlobalSection(SolutionConfigurationPlatforms) = preSolution
		Debug|Any CPU = Debug|Any CPU
		Release|Any CPU = Release|Any CPU
	EndGlobalSection
	GlobalSection(ProjectConfigurationPlatforms) = postSolution
		{9CCAE715-A807-4F9E-8115-589882FF9847}.Debug|Any CPU.ActiveCfg = Debug|Any CPU
		{9CCAE715-A807-4F9E-8115-589882FF9847}.Debug|Any CPU.Build.0 = Debug|Any CPU
		{9CCAE715-A807-4F9E-8115-589882FF9847}.Release|Any CPU.ActiveCfg = Release|Any CPU
		{9CCAE715-A807-4F9E-8115-589882FF9847}.Release|Any CPU.Build.0 = Release|Any CPU
	EndGlobalSection
	GlobalSection(SolutionProperties) = preSolution
		HideSolutionNode = FALSE
	EndGlobalSection
	GlobalSection(ExtensibilityGlobals) = postSolution
		SolutionGuid = {A62256C3-222D-416F-952C-4DF480230A71}
	EndGlobalSection
EndGlobal
