
Microsoft Visual Studio Solution File, Format Version 12.00
# Visual Studio Version 17
VisualStudioVersion = 17.3.32901.215
MinimumVisualStudioVersion = 10.0.40219.1
Project("{9A19103F-16F7-4668-BE54-9A1E7A4F7556}") = "PDFtoPDFARestAPI", "PDFtoPDFARestAPI.csproj", "{D2B193B3-96E9-4317-B357-8032CD6833DF}"
EndProject


// {D2B193B3-96E9-4317-B357-8032CD6833DF}
IMPLEMENT_OLECREATE(<<class>>, <<external_name>>, 
0xd2b193b3, 0x96e9, 0x4317, 0xb3, 0x57, 0x80, 0x32, 0xcd, 0x68, 0x33, 0xdf);

Global
	GlobalSection(SolutionConfigurationPlatforms) = preSolution
		Debug|x64 = Debug|x64
		Release|x64 = Release|x64
	EndGlobalSection
	GlobalSection(ProjectConfigurationPlatforms) = postSolution
		{D2B193B3-96E9-4317-B357-8032CD6833DF}.Debug|x64.ActiveCfg = Debug|x64
		{D2B193B3-96E9-4317-B357-8032CD6833DF}.Debug|x64.Build.0 = Debug|x64
		{D2B193B3-96E9-4317-B357-8032CD6833DF}.Release|x64.ActiveCfg = Release|x64
		{D2B193B3-96E9-4317-B357-8032CD6833DF}.Release|x64.Build.0 = Release|x64
	EndGlobalSection
	GlobalSection(SolutionProperties) = preSolution
		HideSolutionNode = FALSE
	EndGlobalSection
	GlobalSection(ExtensibilityGlobals) = postSolution
		SolutionGuid = {9CAA2706-F498-49A3-8F20-4F78FE6F56C6}
	EndGlobalSection
EndGlobal
